// !$*UTF8*$!
{
	archiveVersion = 1;
	classes = {
	};
	objectVersion = 53;
	objects = {

/* Begin PBXBuildFile section */
		DD0DC3A624D1D6700045CDEB /* Int+Constants.swift in Sources */ = {isa = PBXBuildFile; fileRef = DD0DC3A524D1D6700045CDEB /* Int+Constants.swift */; };
		DD22277024D30A0A0034B6D2 /* MainCoordinator.swift in Sources */ = {isa = PBXBuildFile; fileRef = DD22276F24D30A0A0034B6D2 /* MainCoordinator.swift */; };
		DD22277224D33A5F0034B6D2 /* CurrentValue.swift in Sources */ = {isa = PBXBuildFile; fileRef = DD22277124D33A5F0034B6D2 /* CurrentValue.swift */; };
		DD22277424D3FB9F0034B6D2 /* AnyOptional.swift in Sources */ = {isa = PBXBuildFile; fileRef = DD22277324D3FB9F0034B6D2 /* AnyOptional.swift */; };
		DD22277624D3FCD90034B6D2 /* String+Operators.swift in Sources */ = {isa = PBXBuildFile; fileRef = DD22277524D3FCD90034B6D2 /* String+Operators.swift */; };
		DD22277824D3FDA00034B6D2 /* Combine+Extensions.swift in Sources */ = {isa = PBXBuildFile; fileRef = DD22277724D3FDA00034B6D2 /* Combine+Extensions.swift */; };
		DD22277A24D430640034B6D2 /* CategoryCellViewModel.swift in Sources */ = {isa = PBXBuildFile; fileRef = DD22277924D430640034B6D2 /* CategoryCellViewModel.swift */; };
		DD22277C24D4306E0034B6D2 /* PromotionCellViewModel.swift in Sources */ = {isa = PBXBuildFile; fileRef = DD22277B24D4306E0034B6D2 /* PromotionCellViewModel.swift */; };
		DD22277E24D434560034B6D2 /* NewBadgeSource.swift in Sources */ = {isa = PBXBuildFile; fileRef = DD22277D24D434560034B6D2 /* NewBadgeSource.swift */; };
		DD22278024D4550C0034B6D2 /* URLSession+DownloadTaskPublisher.swift in Sources */ = {isa = PBXBuildFile; fileRef = DD22277F24D4550C0034B6D2 /* URLSession+DownloadTaskPublisher.swift */; };
		DD22278224D460070034B6D2 /* ImageProvider.swift in Sources */ = {isa = PBXBuildFile; fileRef = DD22278124D460070034B6D2 /* ImageProvider.swift */; };
		DD22278424D482E50034B6D2 /* HTTPFile.swift in Sources */ = {isa = PBXBuildFile; fileRef = DD22278324D482E50034B6D2 /* HTTPFile.swift */; };
		DD22278624D4A9C90034B6D2 /* UIImageView+ImageProvider.swift in Sources */ = {isa = PBXBuildFile; fileRef = DD22278524D4A9C90034B6D2 /* UIImageView+ImageProvider.swift */; };
		DD22278824D570500034B6D2 /* NavigationBar.swift in Sources */ = {isa = PBXBuildFile; fileRef = DD22278724D570500034B6D2 /* NavigationBar.swift */; };
		DD22278B24D571E20034B6D2 /* BackBarButtonItem.swift in Sources */ = {isa = PBXBuildFile; fileRef = DD22278A24D571E20034B6D2 /* BackBarButtonItem.swift */; };
		DD8741FC24D5F7C3003D88DE /* PackageCell.xib in Resources */ = {isa = PBXBuildFile; fileRef = DD8741FA24D5F7C3003D88DE /* PackageCell.xib */; };
		DD87420524D674C5003D88DE /* Configuration.swift in Sources */ = {isa = PBXBuildFile; fileRef = DD87420424D674C5003D88DE /* Configuration.swift */; };
		DD96C9CB24CEF6BC00E6689E /* TabBarButton.swift in Sources */ = {isa = PBXBuildFile; fileRef = DD96C9C724CEF6BB00E6689E /* TabBarButton.swift */; };
		DD96C9CC24CEF6BC00E6689E /* TabBarController.swift in Sources */ = {isa = PBXBuildFile; fileRef = DD96C9C824CEF6BB00E6689E /* TabBarController.swift */; };
		DD96C9CD24CEF6BC00E6689E /* TabBarView.swift in Sources */ = {isa = PBXBuildFile; fileRef = DD96C9C924CEF6BB00E6689E /* TabBarView.swift */; };
		DD96C9CE24CEF6BC00E6689E /* TabBarStackView.swift in Sources */ = {isa = PBXBuildFile; fileRef = DD96C9CA24CEF6BC00E6689E /* TabBarStackView.swift */; };
		DD96C9D024CEF71700E6689E /* UIColor+AppColors.swift in Sources */ = {isa = PBXBuildFile; fileRef = DD96C9CF24CEF71700E6689E /* UIColor+AppColors.swift */; };
		DD96C9D224CEF72400E6689E /* UIFont+AppFonts.swift in Sources */ = {isa = PBXBuildFile; fileRef = DD96C9D124CEF72400E6689E /* UIFont+AppFonts.swift */; };
		DD96C9E624CEFB5E00E6689E /* Poppins-SemiBold.ttf in Resources */ = {isa = PBXBuildFile; fileRef = DD96C9D424CEFB5C00E6689E /* Poppins-SemiBold.ttf */; };
		DD96C9E724CEFB5E00E6689E /* Poppins-Regular.ttf in Resources */ = {isa = PBXBuildFile; fileRef = DD96C9D524CEFB5C00E6689E /* Poppins-Regular.ttf */; };
		DD96C9E924CEFB5E00E6689E /* Poppins-LightItalic.ttf in Resources */ = {isa = PBXBuildFile; fileRef = DD96C9D724CEFB5C00E6689E /* Poppins-LightItalic.ttf */; };
		DD96C9EC24CEFB5E00E6689E /* Poppins-Light.ttf in Resources */ = {isa = PBXBuildFile; fileRef = DD96C9DA24CEFB5D00E6689E /* Poppins-Light.ttf */; };
		DD96C9F224CEFB5E00E6689E /* Poppins-Medium.ttf in Resources */ = {isa = PBXBuildFile; fileRef = DD96C9E024CEFB5D00E6689E /* Poppins-Medium.ttf */; };
		DD96C9F724CEFB5E00E6689E /* Poppins-Bold.ttf in Resources */ = {isa = PBXBuildFile; fileRef = DD96C9E524CEFB5E00E6689E /* Poppins-Bold.ttf */; };
		DD96C9F924CEFDED00E6689E /* MainTabBarController.swift in Sources */ = {isa = PBXBuildFile; fileRef = DD96C9F824CEFDED00E6689E /* MainTabBarController.swift */; };
		DD96C9FC24CF423500E6689E /* Coordinator.swift in Sources */ = {isa = PBXBuildFile; fileRef = DD96C9FB24CF423500E6689E /* Coordinator.swift */; };
		DD96C9FE24CF424A00E6689E /* Storyboarded.swift in Sources */ = {isa = PBXBuildFile; fileRef = DD96C9FD24CF424A00E6689E /* Storyboarded.swift */; };
		DD96CA0224CF42E900E6689E /* HomeVC.swift in Sources */ = {isa = PBXBuildFile; fileRef = DD96CA0124CF42E900E6689E /* HomeVC.swift */; };
		DD96CA0424CF432100E6689E /* HomeCoordinator.swift in Sources */ = {isa = PBXBuildFile; fileRef = DD96CA0324CF432100E6689E /* HomeCoordinator.swift */; };
		DD96CA0624CF43AC00E6689E /* CategoriesCoordinator.swift in Sources */ = {isa = PBXBuildFile; fileRef = DD96CA0524CF43AC00E6689E /* CategoriesCoordinator.swift */; };
		DD96CA0824CF43B500E6689E /* ProfileCoordinator.swift in Sources */ = {isa = PBXBuildFile; fileRef = DD96CA0724CF43B500E6689E /* ProfileCoordinator.swift */; };
		DD96CA0A24CF43BE00E6689E /* HelpCoordinator.swift in Sources */ = {isa = PBXBuildFile; fileRef = DD96CA0924CF43BE00E6689E /* HelpCoordinator.swift */; };
		DD96CA0C24CF43EA00E6689E /* CategoriesVC.swift in Sources */ = {isa = PBXBuildFile; fileRef = DD96CA0B24CF43EA00E6689E /* CategoriesVC.swift */; };
		DD96CA0E24CF440A00E6689E /* ProfileVC.swift in Sources */ = {isa = PBXBuildFile; fileRef = DD96CA0D24CF440A00E6689E /* ProfileVC.swift */; };
		DD96CA1024CF441B00E6689E /* HelpVC.swift in Sources */ = {isa = PBXBuildFile; fileRef = DD96CA0F24CF441B00E6689E /* HelpVC.swift */; };
		DD96CA1424CF455E00E6689E /* UIStoryboard+AppBoards.swift in Sources */ = {isa = PBXBuildFile; fileRef = DD96CA1324CF455E00E6689E /* UIStoryboard+AppBoards.swift */; };
		DD96CA1624CF47DF00E6689E /* MainNavigationController.swift in Sources */ = {isa = PBXBuildFile; fileRef = DD96CA1524CF47DF00E6689E /* MainNavigationController.swift */; };
		DD96CA1824CF4B8400E6689E /* UIImage+AppImages.swift in Sources */ = {isa = PBXBuildFile; fileRef = DD96CA1724CF4B8400E6689E /* UIImage+AppImages.swift */; };
		DD96CA1A24CF559300E6689E /* TabBarBadge.swift in Sources */ = {isa = PBXBuildFile; fileRef = DD96CA1924CF559300E6689E /* TabBarBadge.swift */; };
		DD96CA1C24CF594600E6689E /* UIView+Constraint.swift in Sources */ = {isa = PBXBuildFile; fileRef = DD96CA1B24CF594600E6689E /* UIView+Constraint.swift */; };
		DD96CA1E24CF754D00E6689E /* CategoryVC.swift in Sources */ = {isa = PBXBuildFile; fileRef = DD96CA1D24CF754D00E6689E /* CategoryVC.swift */; };
		DD96CA2124CF758200E6689E /* CategoryViewing.swift in Sources */ = {isa = PBXBuildFile; fileRef = DD96CA2024CF758200E6689E /* CategoryViewing.swift */; };
		DD9C6C3A24CFE27D0066D6F2 /* TabBar.swift in Sources */ = {isa = PBXBuildFile; fileRef = DD9C6C3924CFE27D0066D6F2 /* TabBar.swift */; };
		DD9C6C4024D029360066D6F2 /* RoundedView.swift in Sources */ = {isa = PBXBuildFile; fileRef = DD9C6C3F24D029360066D6F2 /* RoundedView.swift */; };
		DD9C6C4424D060130066D6F2 /* TextField.swift in Sources */ = {isa = PBXBuildFile; fileRef = DD9C6C4324D060130066D6F2 /* TextField.swift */; };
		DD9C6C4624D068E20066D6F2 /* TitleReusableView.swift in Sources */ = {isa = PBXBuildFile; fileRef = DD9C6C4524D068E20066D6F2 /* TitleReusableView.swift */; };
		DD9C6C4A24D0695F0066D6F2 /* TitleReusableView.xib in Resources */ = {isa = PBXBuildFile; fileRef = DD9C6C4824D0695F0066D6F2 /* TitleReusableView.xib */; };
		DD9C6C4E24D077550066D6F2 /* DequableReusableViewProtocol.swift in Sources */ = {isa = PBXBuildFile; fileRef = DD9C6C4D24D077550066D6F2 /* DequableReusableViewProtocol.swift */; };
		DD9C6C5024D087650066D6F2 /* BaseViewController.swift in Sources */ = {isa = PBXBuildFile; fileRef = DD9C6C4F24D087650066D6F2 /* BaseViewController.swift */; };
		DD9C6C5224D08C4E0066D6F2 /* LoadingImageView.swift in Sources */ = {isa = PBXBuildFile; fileRef = DD9C6C5124D08C4E0066D6F2 /* LoadingImageView.swift */; };
		DD9C6C5524D090810066D6F2 /* CategoryCell.swift in Sources */ = {isa = PBXBuildFile; fileRef = DD9C6C5324D090810066D6F2 /* CategoryCell.swift */; };
		DD9C6C5624D090810066D6F2 /* CategoryCell.xib in Resources */ = {isa = PBXBuildFile; fileRef = DD9C6C5424D090810066D6F2 /* CategoryCell.xib */; };
		DD9C6C5924D090910066D6F2 /* PromotionCell.swift in Sources */ = {isa = PBXBuildFile; fileRef = DD9C6C5724D090910066D6F2 /* PromotionCell.swift */; };
		DD9C6C5A24D090910066D6F2 /* PromotionCell.xib in Resources */ = {isa = PBXBuildFile; fileRef = DD9C6C5824D090910066D6F2 /* PromotionCell.xib */; };
		DD9C6C5C24D090CD0066D6F2 /* DequableCellProtocol.swift in Sources */ = {isa = PBXBuildFile; fileRef = DD9C6C5B24D090CD0066D6F2 /* DequableCellProtocol.swift */; };
		DD9C6C5F24D0A00E0066D6F2 /* BadgeLabel.swift in Sources */ = {isa = PBXBuildFile; fileRef = DD9C6C5E24D0A00E0066D6F2 /* BadgeLabel.swift */; };
		DDB8346F24D2B4F30027D60B /* CompositionalLayout.swift in Sources */ = {isa = PBXBuildFile; fileRef = DDB8346E24D2B4F30027D60B /* CompositionalLayout.swift */; };
		DDB8347124D2ED910027D60B /* HomeViewModel.swift in Sources */ = {isa = PBXBuildFile; fileRef = DDB8347024D2ED910027D60B /* HomeViewModel.swift */; };
		DDB8347324D2F55A0027D60B /* HomeCollectionView.swift in Sources */ = {isa = PBXBuildFile; fileRef = DDB8347224D2F55A0027D60B /* HomeCollectionView.swift */; };
		DDB8347824D2F9E90027D60B /* EventCellViewModel.swift in Sources */ = {isa = PBXBuildFile; fileRef = DDB8347724D2F9E90027D60B /* EventCellViewModel.swift */; };
		DDB8347A24D2FB8F0027D60B /* ViewModelType.swift in Sources */ = {isa = PBXBuildFile; fileRef = DDB8347924D2FB8F0027D60B /* ViewModelType.swift */; };
		DDB8347E24D2FCE10027D60B /* CollectionViewCell.swift in Sources */ = {isa = PBXBuildFile; fileRef = DDB8347D24D2FCE10027D60B /* CollectionViewCell.swift */; };
		DDB8A6F224D71C790023141E /* HTTPManagerTests.swift in Sources */ = {isa = PBXBuildFile; fileRef = DDB8A6F024D71BFE0023141E /* HTTPManagerTests.swift */; };
		DDC4425624D1F1B6006233D0 /* EventCell.swift in Sources */ = {isa = PBXBuildFile; fileRef = DDC4425424D1F1B6006233D0 /* EventCell.swift */; };
		DDC4425724D1F1B6006233D0 /* EventCell.xib in Resources */ = {isa = PBXBuildFile; fileRef = DDC4425524D1F1B6006233D0 /* EventCell.xib */; };
		DDC4425A24D2107C006233D0 /* HomeCompositionalLayout.swift in Sources */ = {isa = PBXBuildFile; fileRef = DDC4425924D2107C006233D0 /* HomeCompositionalLayout.swift */; };
		DDC5D89F24CC0CD9007538F7 /* AppDelegate.swift in Sources */ = {isa = PBXBuildFile; fileRef = DDC5D89E24CC0CD9007538F7 /* AppDelegate.swift */; };
		DDC5D8A124CC0CD9007538F7 /* SceneDelegate.swift in Sources */ = {isa = PBXBuildFile; fileRef = DDC5D8A024CC0CD9007538F7 /* SceneDelegate.swift */; };
		DDC5D8A324CC0CD9007538F7 /* ViewController.swift in Sources */ = {isa = PBXBuildFile; fileRef = DDC5D8A224CC0CD9007538F7 /* ViewController.swift */; };
		DDC5D8A624CC0CD9007538F7 /* Main.storyboard in Resources */ = {isa = PBXBuildFile; fileRef = DDC5D8A424CC0CD9007538F7 /* Main.storyboard */; };
		DDC5D8A824CC0CD9007538F7 /* Assets.xcassets in Resources */ = {isa = PBXBuildFile; fileRef = DDC5D8A724CC0CD9007538F7 /* Assets.xcassets */; };
		DDC5D8AB24CC0CD9007538F7 /* LaunchScreen.storyboard in Resources */ = {isa = PBXBuildFile; fileRef = DDC5D8A924CC0CD9007538F7 /* LaunchScreen.storyboard */; };
		DDC5D8CB24CC120F007538F7 /* Injected.swift in Sources */ = {isa = PBXBuildFile; fileRef = DDC5D8CA24CC120F007538F7 /* Injected.swift */; };
		DDC5D8D324CC1387007538F7 /* IdentifiableProtocol.swift in Sources */ = {isa = PBXBuildFile; fileRef = DDC5D8D224CC1386007538F7 /* IdentifiableProtocol.swift */; };
		DDC5D8D524CC13D0007538F7 /* Registerable.swift in Sources */ = {isa = PBXBuildFile; fileRef = DDC5D8D424CC13D0007538F7 /* Registerable.swift */; };
		DDC5D8D824CC1AD1007538F7 /* User.swift in Sources */ = {isa = PBXBuildFile; fileRef = DDC5D8D724CC1AD1007538F7 /* User.swift */; };
		DDC5D8DA24CC1B07007538F7 /* AppStorage.swift in Sources */ = {isa = PBXBuildFile; fileRef = DDC5D8D924CC1B07007538F7 /* AppStorage.swift */; };
		DDC5D8DE24CC22D5007538F7 /* LocalizableProtocol.swift in Sources */ = {isa = PBXBuildFile; fileRef = DDC5D8DD24CC22D5007538F7 /* LocalizableProtocol.swift */; };
		DDC5D8E024CC2393007538F7 /* String+Localized.swift in Sources */ = {isa = PBXBuildFile; fileRef = DDC5D8DF24CC2393007538F7 /* String+Localized.swift */; };
		DDC5D8E224CC2434007538F7 /* Localizable.strings in Resources */ = {isa = PBXBuildFile; fileRef = DDC5D8E124CC2434007538F7 /* Localizable.strings */; };
		DDC5D8E424CC24D1007538F7 /* Localized.swift in Sources */ = {isa = PBXBuildFile; fileRef = DDC5D8E324CC24D1007538F7 /* Localized.swift */; };
		DDC5D8E824CC34E0007538F7 /* Domain.swift in Sources */ = {isa = PBXBuildFile; fileRef = DDC5D8E724CC34E0007538F7 /* Domain.swift */; };
		DDC5D8EA24CC3525007538F7 /* Endpoint.swift in Sources */ = {isa = PBXBuildFile; fileRef = DDC5D8E924CC3525007538F7 /* Endpoint.swift */; };
		DDC5D8EC24CC39CD007538F7 /* Image.swift in Sources */ = {isa = PBXBuildFile; fileRef = DDC5D8EB24CC39CD007538F7 /* Image.swift */; };
		DDC5D8F024CC3D16007538F7 /* UIDevice+Extensions.swift in Sources */ = {isa = PBXBuildFile; fileRef = DDC5D8EF24CC3D16007538F7 /* UIDevice+Extensions.swift */; };
		DDC5D8F324CC3E5B007538F7 /* ImageUrlResolver.swift in Sources */ = {isa = PBXBuildFile; fileRef = DDC5D8F224CC3E5B007538F7 /* ImageUrlResolver.swift */; };
		DDC5D8F524CC3F77007538F7 /* UniversalString.swift in Sources */ = {isa = PBXBuildFile; fileRef = DDC5D8F424CC3F77007538F7 /* UniversalString.swift */; };
		DDC5D8F724CC3FA3007538F7 /* DIContainerProtocol.swift in Sources */ = {isa = PBXBuildFile; fileRef = DDC5D8F624CC3FA3007538F7 /* DIContainerProtocol.swift */; };
		DDC5D8F924CC419D007538F7 /* Multilingual.swift in Sources */ = {isa = PBXBuildFile; fileRef = DDC5D8F824CC419D007538F7 /* Multilingual.swift */; };
		DDC5D8FB24CC424B007538F7 /* URL+ExpressibleByStringLiteral.swift in Sources */ = {isa = PBXBuildFile; fileRef = DDC5D8FA24CC424B007538F7 /* URL+ExpressibleByStringLiteral.swift */; };
		DDC5D8FD24CC4F5C007538F7 /* TitleSource.swift in Sources */ = {isa = PBXBuildFile; fileRef = DDC5D8FC24CC4F5C007538F7 /* TitleSource.swift */; };
		DDC5D8FF24CC4FAA007538F7 /* DescriptionSource.swift in Sources */ = {isa = PBXBuildFile; fileRef = DDC5D8FE24CC4FAA007538F7 /* DescriptionSource.swift */; };
		DDC5D90124CC4FF3007538F7 /* SingleTitleSource.swift in Sources */ = {isa = PBXBuildFile; fileRef = DDC5D90024CC4FF3007538F7 /* SingleTitleSource.swift */; };
		DDC5D90324CC5000007538F7 /* SingleDescriptionSource.swift in Sources */ = {isa = PBXBuildFile; fileRef = DDC5D90224CC4FFF007538F7 /* SingleDescriptionSource.swift */; };
		DDC5D90524CC50BB007538F7 /* ImageStorageSource.swift in Sources */ = {isa = PBXBuildFile; fileRef = DDC5D90424CC50BB007538F7 /* ImageStorageSource.swift */; };
		DDC5D90724CC52B0007538F7 /* Category.swift in Sources */ = {isa = PBXBuildFile; fileRef = DDC5D90624CC52B0007538F7 /* Category.swift */; };
		DDC5D90924CC52C4007538F7 /* Promotion.swift in Sources */ = {isa = PBXBuildFile; fileRef = DDC5D90824CC52C4007538F7 /* Promotion.swift */; };
		DDC5D90B24CC53EB007538F7 /* ImageSource.swift in Sources */ = {isa = PBXBuildFile; fileRef = DDC5D90A24CC53EB007538F7 /* ImageSource.swift */; };
		DDC5D90D24CC54D3007538F7 /* ShowOptionSource.swift in Sources */ = {isa = PBXBuildFile; fileRef = DDC5D90C24CC54D3007538F7 /* ShowOptionSource.swift */; };
		DDC5D90F24CC54F1007538F7 /* DisplayType.swift in Sources */ = {isa = PBXBuildFile; fileRef = DDC5D90E24CC54F1007538F7 /* DisplayType.swift */; };
		DDC5D91124CC55A5007538F7 /* IdentificationSource.swift in Sources */ = {isa = PBXBuildFile; fileRef = DDC5D91024CC55A5007538F7 /* IdentificationSource.swift */; };
		DDC5D91324CC9B21007538F7 /* Package.swift in Sources */ = {isa = PBXBuildFile; fileRef = DDC5D91224CC9B21007538F7 /* Package.swift */; };
		DDC5D91724CC9D19007538F7 /* SlugSource.swift in Sources */ = {isa = PBXBuildFile; fileRef = DDC5D91624CC9D19007538F7 /* SlugSource.swift */; };
		DDC5D91A24CC9D7E007538F7 /* SubCategorySource.swift in Sources */ = {isa = PBXBuildFile; fileRef = DDC5D91924CC9D7E007538F7 /* SubCategorySource.swift */; };
		DDC5D91C24CC9E27007538F7 /* PriceSource.swift in Sources */ = {isa = PBXBuildFile; fileRef = DDC5D91B24CC9E27007538F7 /* PriceSource.swift */; };
		DDC5D91E24CC9EB9007538F7 /* DisplayTypeSource.swift in Sources */ = {isa = PBXBuildFile; fileRef = DDC5D91D24CC9EB9007538F7 /* DisplayTypeSource.swift */; };
		DDC5D92024CC9F0B007538F7 /* CoverImageStorageSource.swift in Sources */ = {isa = PBXBuildFile; fileRef = DDC5D91F24CC9F0B007538F7 /* CoverImageStorageSource.swift */; };
		DDC5D92224CC9F26007538F7 /* CoverImage.swift in Sources */ = {isa = PBXBuildFile; fileRef = DDC5D92124CC9F26007538F7 /* CoverImage.swift */; };
		DDC5D92424CC9FC8007538F7 /* CategoryPackageStorageSource.swift in Sources */ = {isa = PBXBuildFile; fileRef = DDC5D92324CC9FC8007538F7 /* CategoryPackageStorageSource.swift */; };
		DDC5D92624CCA7CA007538F7 /* Home.swift in Sources */ = {isa = PBXBuildFile; fileRef = DDC5D92524CCA7CA007538F7 /* Home.swift */; };
		DDC5D92824CCA7FB007538F7 /* CategoryStorageSource.swift in Sources */ = {isa = PBXBuildFile; fileRef = DDC5D92724CCA7FB007538F7 /* CategoryStorageSource.swift */; };
		DDC5D92A24CCA812007538F7 /* PromotionStorageSource.swift in Sources */ = {isa = PBXBuildFile; fileRef = DDC5D92924CCA812007538F7 /* PromotionStorageSource.swift */; };
		DDC5D92C24CCA9D7007538F7 /* DIContainer.swift in Sources */ = {isa = PBXBuildFile; fileRef = DDC5D92B24CCA9D7007538F7 /* DIContainer.swift */; };
		DDC5D92F24CCB03C007538F7 /* HTTPMethod.swift in Sources */ = {isa = PBXBuildFile; fileRef = DDC5D92E24CCB03C007538F7 /* HTTPMethod.swift */; };
		DDC5D93124CCB086007538F7 /* HTTPTask.swift in Sources */ = {isa = PBXBuildFile; fileRef = DDC5D93024CCB086007538F7 /* HTTPTask.swift */; };
		DDC5D93324CCB13D007538F7 /* HTTPError.swift in Sources */ = {isa = PBXBuildFile; fileRef = DDC5D93224CCB13D007538F7 /* HTTPError.swift */; };
		DDC5D93724CCB1EB007538F7 /* HTTPEndpoint.swift in Sources */ = {isa = PBXBuildFile; fileRef = DDC5D93624CCB1EB007538F7 /* HTTPEndpoint.swift */; };
		DDC5D93924CCB277007538F7 /* HTTPRouter.swift in Sources */ = {isa = PBXBuildFile; fileRef = DDC5D93824CCB277007538F7 /* HTTPRouter.swift */; };
		DDC5D93B24CCB45F007538F7 /* Router.swift in Sources */ = {isa = PBXBuildFile; fileRef = DDC5D93A24CCB45F007538F7 /* Router.swift */; };
		DDC5D93E24CCB984007538F7 /* HTTPManager.swift in Sources */ = {isa = PBXBuildFile; fileRef = DDC5D93D24CCB984007538F7 /* HTTPManager.swift */; };
		DDC5D94024CCB9BE007538F7 /* HTTPEnvironment.swift in Sources */ = {isa = PBXBuildFile; fileRef = DDC5D93F24CCB9BE007538F7 /* HTTPEnvironment.swift */; };
		DDC5D94724CCBFBF007538F7 /* HomeProvider.swift in Sources */ = {isa = PBXBuildFile; fileRef = DDC5D94624CCBFBF007538F7 /* HomeProvider.swift */; };
		DDC5D94924CCBFCA007538F7 /* CategoryProvider.swift in Sources */ = {isa = PBXBuildFile; fileRef = DDC5D94824CCBFCA007538F7 /* CategoryProvider.swift */; };
		DDC5D94B24CE082D007538F7 /* NetworkingDIContainer.swift in Sources */ = {isa = PBXBuildFile; fileRef = DDC5D94A24CE082D007538F7 /* NetworkingDIContainer.swift */; };
		DDC6601624D58CBC00206D4B /* NavigationItem.swift in Sources */ = {isa = PBXBuildFile; fileRef = DDC6601524D58CBC00206D4B /* NavigationItem.swift */; };
		DDC6601824D58EAA00206D4B /* TitleBarButtonItem.swift in Sources */ = {isa = PBXBuildFile; fileRef = DDC6601724D58EAA00206D4B /* TitleBarButtonItem.swift */; };
		DDC6601A24D58EFE00206D4B /* BarButtonItem.swift in Sources */ = {isa = PBXBuildFile; fileRef = DDC6601924D58EFE00206D4B /* BarButtonItem.swift */; };
		DDC6601D24D5932D00206D4B /* NavigationViewController.swift in Sources */ = {isa = PBXBuildFile; fileRef = DDC6601C24D5932D00206D4B /* NavigationViewController.swift */; };
		DDCBA73424D5D330001AE36A /* CategoryCollectionView.swift in Sources */ = {isa = PBXBuildFile; fileRef = DDCBA73324D5D330001AE36A /* CategoryCollectionView.swift */; };
		DDCBA73624D5D34A001AE36A /* CategoryCompositionalLayout.swift in Sources */ = {isa = PBXBuildFile; fileRef = DDCBA73524D5D34A001AE36A /* CategoryCompositionalLayout.swift */; };
		DDCBA73824D5D5EF001AE36A /* CategoryViewModel.swift in Sources */ = {isa = PBXBuildFile; fileRef = DDCBA73724D5D5EF001AE36A /* CategoryViewModel.swift */; };
		DDCBA73A24D5E745001AE36A /* PackageCellViewModel.swift in Sources */ = {isa = PBXBuildFile; fileRef = DDCBA73924D5E745001AE36A /* PackageCellViewModel.swift */; };
		DDCBA73E24D5ED1B001AE36A /* PackageCell.swift in Sources */ = {isa = PBXBuildFile; fileRef = DDCBA73D24D5ED1B001AE36A /* PackageCell.swift */; };
		DDCBA74024D5F02E001AE36A /* Number+Formatter.swift in Sources */ = {isa = PBXBuildFile; fileRef = DDCBA73F24D5F02E001AE36A /* Number+Formatter.swift */; };
		DDCFB29524D699FF0016E648 /* MockEndpoint.swift in Sources */ = {isa = PBXBuildFile; fileRef = DDCFB29324D699F60016E648 /* MockEndpoint.swift */; };
		DDCFB29724D69A040016E648 /* RouterTests.swift in Sources */ = {isa = PBXBuildFile; fileRef = DDCFB28E24D699C30016E648 /* RouterTests.swift */; };
		DDCFB29824D69A070016E648 /* EndpointTests.swift in Sources */ = {isa = PBXBuildFile; fileRef = DDCFB29024D699DE0016E648 /* EndpointTests.swift */; };
		DDCFB29A24D69ADF0016E648 /* HTTPDomain.swift in Sources */ = {isa = PBXBuildFile; fileRef = DDCFB29924D69ADF0016E648 /* HTTPDomain.swift */; };
		DDCFB29C24D69B580016E648 /* MockDomain.swift in Sources */ = {isa = PBXBuildFile; fileRef = DDCFB29B24D69B580016E648 /* MockDomain.swift */; };
		DDCFB29F24D6E7A60016E648 /* MockURLProtocol.swift in Sources */ = {isa = PBXBuildFile; fileRef = DDCFB29D24D6E7860016E648 /* MockURLProtocol.swift */; };
		DDCFB2A124D6E94F0016E648 /* MockURLSession.swift in Sources */ = {isa = PBXBuildFile; fileRef = DDCFB2A024D6E94F0016E648 /* MockURLSession.swift */; };
		DDCFB2A424D6EEE40016E648 /* MockRouter.swift in Sources */ = {isa = PBXBuildFile; fileRef = DDCFB2A224D6EDAB0016E648 /* MockRouter.swift */; };
		DDCFB2A924D6F4AB0016E648 /* APIResponseData.swift in Sources */ = {isa = PBXBuildFile; fileRef = DDCFB2A824D6F4AB0016E648 /* APIResponseData.swift */; };
		DDCFB2AB24D702260016E648 /* TestError.swift in Sources */ = {isa = PBXBuildFile; fileRef = DDCFB2AA24D702260016E648 /* TestError.swift */; };
		DDF1847A24D16B76000A2619 /* UIView+Publishers.swift in Sources */ = {isa = PBXBuildFile; fileRef = DDF1847924D16B76000A2619 /* UIView+Publishers.swift */; };
/* End PBXBuildFile section */

/* Begin PBXContainerItemProxy section */
		DDC5D8B224CC0CD9007538F7 /* PBXContainerItemProxy */ = {
			isa = PBXContainerItemProxy;
			containerPortal = DDC5D89324CC0CD9007538F7 /* Project object */;
			proxyType = 1;
			remoteGlobalIDString = DDC5D89A24CC0CD9007538F7;
			remoteInfo = Socialteq;
		};
/* End PBXContainerItemProxy section */

/* Begin PBXFileReference section */
		DD0DC3A524D1D6700045CDEB /* Int+Constants.swift */ = {isa = PBXFileReference; lastKnownFileType = sourcecode.swift; path = "Int+Constants.swift"; sourceTree = "<group>"; };
		DD22276F24D30A0A0034B6D2 /* MainCoordinator.swift */ = {isa = PBXFileReference; lastKnownFileType = sourcecode.swift; path = MainCoordinator.swift; sourceTree = "<group>"; };
		DD22277124D33A5F0034B6D2 /* CurrentValue.swift */ = {isa = PBXFileReference; lastKnownFileType = sourcecode.swift; path = CurrentValue.swift; sourceTree = "<group>"; };
		DD22277324D3FB9F0034B6D2 /* AnyOptional.swift */ = {isa = PBXFileReference; lastKnownFileType = sourcecode.swift; path = AnyOptional.swift; sourceTree = "<group>"; };
		DD22277524D3FCD90034B6D2 /* String+Operators.swift */ = {isa = PBXFileReference; lastKnownFileType = sourcecode.swift; path = "String+Operators.swift"; sourceTree = "<group>"; };
		DD22277724D3FDA00034B6D2 /* Combine+Extensions.swift */ = {isa = PBXFileReference; lastKnownFileType = sourcecode.swift; path = "Combine+Extensions.swift"; sourceTree = "<group>"; };
		DD22277924D430640034B6D2 /* CategoryCellViewModel.swift */ = {isa = PBXFileReference; lastKnownFileType = sourcecode.swift; path = CategoryCellViewModel.swift; sourceTree = "<group>"; };
		DD22277B24D4306E0034B6D2 /* PromotionCellViewModel.swift */ = {isa = PBXFileReference; lastKnownFileType = sourcecode.swift; path = PromotionCellViewModel.swift; sourceTree = "<group>"; };
		DD22277D24D434560034B6D2 /* NewBadgeSource.swift */ = {isa = PBXFileReference; lastKnownFileType = sourcecode.swift; path = NewBadgeSource.swift; sourceTree = "<group>"; };
		DD22277F24D4550C0034B6D2 /* URLSession+DownloadTaskPublisher.swift */ = {isa = PBXFileReference; lastKnownFileType = sourcecode.swift; path = "URLSession+DownloadTaskPublisher.swift"; sourceTree = "<group>"; };
		DD22278124D460070034B6D2 /* ImageProvider.swift */ = {isa = PBXFileReference; lastKnownFileType = sourcecode.swift; path = ImageProvider.swift; sourceTree = "<group>"; };
		DD22278324D482E50034B6D2 /* HTTPFile.swift */ = {isa = PBXFileReference; lastKnownFileType = sourcecode.swift; path = HTTPFile.swift; sourceTree = "<group>"; };
		DD22278524D4A9C90034B6D2 /* UIImageView+ImageProvider.swift */ = {isa = PBXFileReference; lastKnownFileType = sourcecode.swift; path = "UIImageView+ImageProvider.swift"; sourceTree = "<group>"; };
		DD22278724D570500034B6D2 /* NavigationBar.swift */ = {isa = PBXFileReference; lastKnownFileType = sourcecode.swift; path = NavigationBar.swift; sourceTree = "<group>"; };
		DD22278A24D571E20034B6D2 /* BackBarButtonItem.swift */ = {isa = PBXFileReference; lastKnownFileType = sourcecode.swift; path = BackBarButtonItem.swift; sourceTree = "<group>"; };
		DD8741FA24D5F7C3003D88DE /* PackageCell.xib */ = {isa = PBXFileReference; lastKnownFileType = file.xib; path = PackageCell.xib; sourceTree = "<group>"; };
		DD87420224D674A2003D88DE /* Production.xcconfig */ = {isa = PBXFileReference; lastKnownFileType = text.xcconfig; path = Production.xcconfig; sourceTree = "<group>"; };
		DD87420324D674AE003D88DE /* Development.xcconfig */ = {isa = PBXFileReference; lastKnownFileType = text.xcconfig; path = Development.xcconfig; sourceTree = "<group>"; };
		DD87420424D674C5003D88DE /* Configuration.swift */ = {isa = PBXFileReference; lastKnownFileType = sourcecode.swift; path = Configuration.swift; sourceTree = "<group>"; };
		DD96C9C724CEF6BB00E6689E /* TabBarButton.swift */ = {isa = PBXFileReference; fileEncoding = 4; lastKnownFileType = sourcecode.swift; path = TabBarButton.swift; sourceTree = "<group>"; };
		DD96C9C824CEF6BB00E6689E /* TabBarController.swift */ = {isa = PBXFileReference; fileEncoding = 4; lastKnownFileType = sourcecode.swift; path = TabBarController.swift; sourceTree = "<group>"; };
		DD96C9C924CEF6BB00E6689E /* TabBarView.swift */ = {isa = PBXFileReference; fileEncoding = 4; lastKnownFileType = sourcecode.swift; path = TabBarView.swift; sourceTree = "<group>"; };
		DD96C9CA24CEF6BC00E6689E /* TabBarStackView.swift */ = {isa = PBXFileReference; fileEncoding = 4; lastKnownFileType = sourcecode.swift; path = TabBarStackView.swift; sourceTree = "<group>"; };
		DD96C9CF24CEF71700E6689E /* UIColor+AppColors.swift */ = {isa = PBXFileReference; lastKnownFileType = sourcecode.swift; path = "UIColor+AppColors.swift"; sourceTree = "<group>"; };
		DD96C9D124CEF72400E6689E /* UIFont+AppFonts.swift */ = {isa = PBXFileReference; lastKnownFileType = sourcecode.swift; path = "UIFont+AppFonts.swift"; sourceTree = "<group>"; };
		DD96C9D424CEFB5C00E6689E /* Poppins-SemiBold.ttf */ = {isa = PBXFileReference; lastKnownFileType = file; path = "Poppins-SemiBold.ttf"; sourceTree = "<group>"; };
		DD96C9D524CEFB5C00E6689E /* Poppins-Regular.ttf */ = {isa = PBXFileReference; lastKnownFileType = file; path = "Poppins-Regular.ttf"; sourceTree = "<group>"; };
		DD96C9D724CEFB5C00E6689E /* Poppins-LightItalic.ttf */ = {isa = PBXFileReference; lastKnownFileType = file; path = "Poppins-LightItalic.ttf"; sourceTree = "<group>"; };
		DD96C9DA24CEFB5D00E6689E /* Poppins-Light.ttf */ = {isa = PBXFileReference; lastKnownFileType = file; path = "Poppins-Light.ttf"; sourceTree = "<group>"; };
		DD96C9E024CEFB5D00E6689E /* Poppins-Medium.ttf */ = {isa = PBXFileReference; lastKnownFileType = file; path = "Poppins-Medium.ttf"; sourceTree = "<group>"; };
		DD96C9E524CEFB5E00E6689E /* Poppins-Bold.ttf */ = {isa = PBXFileReference; lastKnownFileType = file; path = "Poppins-Bold.ttf"; sourceTree = "<group>"; };
		DD96C9F824CEFDED00E6689E /* MainTabBarController.swift */ = {isa = PBXFileReference; lastKnownFileType = sourcecode.swift; name = MainTabBarController.swift; path = Source/ViewControllers/MainTabBarController.swift; sourceTree = SOURCE_ROOT; };
		DD96C9FB24CF423500E6689E /* Coordinator.swift */ = {isa = PBXFileReference; lastKnownFileType = sourcecode.swift; path = Coordinator.swift; sourceTree = "<group>"; };
		DD96C9FD24CF424A00E6689E /* Storyboarded.swift */ = {isa = PBXFileReference; lastKnownFileType = sourcecode.swift; path = Storyboarded.swift; sourceTree = "<group>"; };
		DD96CA0124CF42E900E6689E /* HomeVC.swift */ = {isa = PBXFileReference; lastKnownFileType = sourcecode.swift; name = HomeVC.swift; path = Source/ViewControllers/HomeVC.swift; sourceTree = SOURCE_ROOT; };
		DD96CA0324CF432100E6689E /* HomeCoordinator.swift */ = {isa = PBXFileReference; lastKnownFileType = sourcecode.swift; name = HomeCoordinator.swift; path = Source/Coordinators/HomeCoordinator.swift; sourceTree = SOURCE_ROOT; };
		DD96CA0524CF43AC00E6689E /* CategoriesCoordinator.swift */ = {isa = PBXFileReference; lastKnownFileType = sourcecode.swift; name = CategoriesCoordinator.swift; path = Source/Coordinators/CategoriesCoordinator.swift; sourceTree = SOURCE_ROOT; };
		DD96CA0724CF43B500E6689E /* ProfileCoordinator.swift */ = {isa = PBXFileReference; lastKnownFileType = sourcecode.swift; name = ProfileCoordinator.swift; path = Source/Coordinators/ProfileCoordinator.swift; sourceTree = SOURCE_ROOT; };
		DD96CA0924CF43BE00E6689E /* HelpCoordinator.swift */ = {isa = PBXFileReference; lastKnownFileType = sourcecode.swift; name = HelpCoordinator.swift; path = Source/Coordinators/HelpCoordinator.swift; sourceTree = SOURCE_ROOT; };
		DD96CA0B24CF43EA00E6689E /* CategoriesVC.swift */ = {isa = PBXFileReference; lastKnownFileType = sourcecode.swift; name = CategoriesVC.swift; path = Source/ViewControllers/CategoriesVC.swift; sourceTree = SOURCE_ROOT; };
		DD96CA0D24CF440A00E6689E /* ProfileVC.swift */ = {isa = PBXFileReference; lastKnownFileType = sourcecode.swift; name = ProfileVC.swift; path = Source/ViewControllers/ProfileVC.swift; sourceTree = SOURCE_ROOT; };
		DD96CA0F24CF441B00E6689E /* HelpVC.swift */ = {isa = PBXFileReference; lastKnownFileType = sourcecode.swift; name = HelpVC.swift; path = Source/ViewControllers/HelpVC.swift; sourceTree = SOURCE_ROOT; };
		DD96CA1324CF455E00E6689E /* UIStoryboard+AppBoards.swift */ = {isa = PBXFileReference; lastKnownFileType = sourcecode.swift; path = "UIStoryboard+AppBoards.swift"; sourceTree = "<group>"; };
		DD96CA1524CF47DF00E6689E /* MainNavigationController.swift */ = {isa = PBXFileReference; lastKnownFileType = sourcecode.swift; name = MainNavigationController.swift; path = Source/ViewControllers/MainNavigationController.swift; sourceTree = SOURCE_ROOT; };
		DD96CA1724CF4B8400E6689E /* UIImage+AppImages.swift */ = {isa = PBXFileReference; lastKnownFileType = sourcecode.swift; path = "UIImage+AppImages.swift"; sourceTree = "<group>"; };
		DD96CA1924CF559300E6689E /* TabBarBadge.swift */ = {isa = PBXFileReference; lastKnownFileType = sourcecode.swift; path = TabBarBadge.swift; sourceTree = "<group>"; };
		DD96CA1B24CF594600E6689E /* UIView+Constraint.swift */ = {isa = PBXFileReference; lastKnownFileType = sourcecode.swift; path = "UIView+Constraint.swift"; sourceTree = "<group>"; };
		DD96CA1D24CF754D00E6689E /* CategoryVC.swift */ = {isa = PBXFileReference; lastKnownFileType = sourcecode.swift; name = CategoryVC.swift; path = Source/ViewControllers/CategoryVC.swift; sourceTree = SOURCE_ROOT; };
		DD96CA2024CF758200E6689E /* CategoryViewing.swift */ = {isa = PBXFileReference; lastKnownFileType = sourcecode.swift; path = CategoryViewing.swift; sourceTree = "<group>"; };
		DD9C6C3924CFE27D0066D6F2 /* TabBar.swift */ = {isa = PBXFileReference; lastKnownFileType = sourcecode.swift; path = TabBar.swift; sourceTree = "<group>"; };
		DD9C6C3F24D029360066D6F2 /* RoundedView.swift */ = {isa = PBXFileReference; lastKnownFileType = sourcecode.swift; path = RoundedView.swift; sourceTree = "<group>"; };
		DD9C6C4324D060130066D6F2 /* TextField.swift */ = {isa = PBXFileReference; lastKnownFileType = sourcecode.swift; path = TextField.swift; sourceTree = "<group>"; };
		DD9C6C4524D068E20066D6F2 /* TitleReusableView.swift */ = {isa = PBXFileReference; lastKnownFileType = sourcecode.swift; path = TitleReusableView.swift; sourceTree = "<group>"; };
		DD9C6C4824D0695F0066D6F2 /* TitleReusableView.xib */ = {isa = PBXFileReference; lastKnownFileType = file.xib; path = TitleReusableView.xib; sourceTree = "<group>"; };
		DD9C6C4D24D077550066D6F2 /* DequableReusableViewProtocol.swift */ = {isa = PBXFileReference; lastKnownFileType = sourcecode.swift; path = DequableReusableViewProtocol.swift; sourceTree = "<group>"; };
		DD9C6C4F24D087650066D6F2 /* BaseViewController.swift */ = {isa = PBXFileReference; lastKnownFileType = sourcecode.swift; path = BaseViewController.swift; sourceTree = "<group>"; };
		DD9C6C5124D08C4E0066D6F2 /* LoadingImageView.swift */ = {isa = PBXFileReference; lastKnownFileType = sourcecode.swift; path = LoadingImageView.swift; sourceTree = "<group>"; };
		DD9C6C5324D090810066D6F2 /* CategoryCell.swift */ = {isa = PBXFileReference; lastKnownFileType = sourcecode.swift; path = CategoryCell.swift; sourceTree = "<group>"; };
		DD9C6C5424D090810066D6F2 /* CategoryCell.xib */ = {isa = PBXFileReference; lastKnownFileType = file.xib; path = CategoryCell.xib; sourceTree = "<group>"; };
		DD9C6C5724D090910066D6F2 /* PromotionCell.swift */ = {isa = PBXFileReference; lastKnownFileType = sourcecode.swift; path = PromotionCell.swift; sourceTree = "<group>"; };
		DD9C6C5824D090910066D6F2 /* PromotionCell.xib */ = {isa = PBXFileReference; lastKnownFileType = file.xib; path = PromotionCell.xib; sourceTree = "<group>"; };
		DD9C6C5B24D090CD0066D6F2 /* DequableCellProtocol.swift */ = {isa = PBXFileReference; lastKnownFileType = sourcecode.swift; path = DequableCellProtocol.swift; sourceTree = "<group>"; };
		DD9C6C5E24D0A00E0066D6F2 /* BadgeLabel.swift */ = {isa = PBXFileReference; lastKnownFileType = sourcecode.swift; path = BadgeLabel.swift; sourceTree = "<group>"; };
		DDB8346E24D2B4F30027D60B /* CompositionalLayout.swift */ = {isa = PBXFileReference; lastKnownFileType = sourcecode.swift; path = CompositionalLayout.swift; sourceTree = "<group>"; };
		DDB8347024D2ED910027D60B /* HomeViewModel.swift */ = {isa = PBXFileReference; lastKnownFileType = sourcecode.swift; name = HomeViewModel.swift; path = Source/ViewModels/HomeViewModel.swift; sourceTree = SOURCE_ROOT; };
		DDB8347224D2F55A0027D60B /* HomeCollectionView.swift */ = {isa = PBXFileReference; lastKnownFileType = sourcecode.swift; path = HomeCollectionView.swift; sourceTree = "<group>"; };
		DDB8347724D2F9E90027D60B /* EventCellViewModel.swift */ = {isa = PBXFileReference; lastKnownFileType = sourcecode.swift; path = EventCellViewModel.swift; sourceTree = "<group>"; };
		DDB8347924D2FB8F0027D60B /* ViewModelType.swift */ = {isa = PBXFileReference; lastKnownFileType = sourcecode.swift; path = ViewModelType.swift; sourceTree = "<group>"; };
		DDB8347D24D2FCE10027D60B /* CollectionViewCell.swift */ = {isa = PBXFileReference; lastKnownFileType = sourcecode.swift; path = CollectionViewCell.swift; sourceTree = "<group>"; };
		DDB8A6F024D71BFE0023141E /* HTTPManagerTests.swift */ = {isa = PBXFileReference; lastKnownFileType = sourcecode.swift; path = HTTPManagerTests.swift; sourceTree = "<group>"; };
		DDB8A6F924D727D50023141E /* test.yml */ = {isa = PBXFileReference; lastKnownFileType = text.yaml; path = test.yml; sourceTree = "<group>"; };
		DDC4425424D1F1B6006233D0 /* EventCell.swift */ = {isa = PBXFileReference; lastKnownFileType = sourcecode.swift; path = EventCell.swift; sourceTree = "<group>"; };
		DDC4425524D1F1B6006233D0 /* EventCell.xib */ = {isa = PBXFileReference; lastKnownFileType = file.xib; path = EventCell.xib; sourceTree = "<group>"; };
		DDC4425924D2107C006233D0 /* HomeCompositionalLayout.swift */ = {isa = PBXFileReference; lastKnownFileType = sourcecode.swift; path = HomeCompositionalLayout.swift; sourceTree = "<group>"; };
		DDC5D89B24CC0CD9007538F7 /* Socialteq.app */ = {isa = PBXFileReference; explicitFileType = wrapper.application; includeInIndex = 0; path = Socialteq.app; sourceTree = BUILT_PRODUCTS_DIR; };
		DDC5D89E24CC0CD9007538F7 /* AppDelegate.swift */ = {isa = PBXFileReference; lastKnownFileType = sourcecode.swift; path = AppDelegate.swift; sourceTree = "<group>"; };
		DDC5D8A024CC0CD9007538F7 /* SceneDelegate.swift */ = {isa = PBXFileReference; lastKnownFileType = sourcecode.swift; path = SceneDelegate.swift; sourceTree = "<group>"; };
		DDC5D8A224CC0CD9007538F7 /* ViewController.swift */ = {isa = PBXFileReference; lastKnownFileType = sourcecode.swift; path = ViewController.swift; sourceTree = "<group>"; };
		DDC5D8A524CC0CD9007538F7 /* Base */ = {isa = PBXFileReference; lastKnownFileType = file.storyboard; name = Base; path = Base.lproj/Main.storyboard; sourceTree = "<group>"; };
		DDC5D8A724CC0CD9007538F7 /* Assets.xcassets */ = {isa = PBXFileReference; lastKnownFileType = folder.assetcatalog; path = Assets.xcassets; sourceTree = "<group>"; };
		DDC5D8AA24CC0CD9007538F7 /* Base */ = {isa = PBXFileReference; lastKnownFileType = file.storyboard; name = Base; path = Base.lproj/LaunchScreen.storyboard; sourceTree = "<group>"; };
		DDC5D8AC24CC0CD9007538F7 /* Info.plist */ = {isa = PBXFileReference; lastKnownFileType = text.plist.xml; path = Info.plist; sourceTree = "<group>"; };
		DDC5D8B124CC0CD9007538F7 /* SocialteqTests.xctest */ = {isa = PBXFileReference; explicitFileType = wrapper.cfbundle; includeInIndex = 0; path = SocialteqTests.xctest; sourceTree = BUILT_PRODUCTS_DIR; };
		DDC5D8B724CC0CD9007538F7 /* Info.plist */ = {isa = PBXFileReference; lastKnownFileType = text.plist.xml; path = Info.plist; sourceTree = "<group>"; };
		DDC5D8CA24CC120F007538F7 /* Injected.swift */ = {isa = PBXFileReference; lastKnownFileType = sourcecode.swift; path = Injected.swift; sourceTree = "<group>"; };
		DDC5D8D224CC1386007538F7 /* IdentifiableProtocol.swift */ = {isa = PBXFileReference; lastKnownFileType = sourcecode.swift; path = IdentifiableProtocol.swift; sourceTree = "<group>"; };
		DDC5D8D424CC13D0007538F7 /* Registerable.swift */ = {isa = PBXFileReference; lastKnownFileType = sourcecode.swift; path = Registerable.swift; sourceTree = "<group>"; };
		DDC5D8D724CC1AD1007538F7 /* User.swift */ = {isa = PBXFileReference; lastKnownFileType = sourcecode.swift; name = User.swift; path = Source/Models/User.swift; sourceTree = SOURCE_ROOT; };
		DDC5D8D924CC1B07007538F7 /* AppStorage.swift */ = {isa = PBXFileReference; lastKnownFileType = sourcecode.swift; path = AppStorage.swift; sourceTree = "<group>"; };
		DDC5D8DD24CC22D5007538F7 /* LocalizableProtocol.swift */ = {isa = PBXFileReference; lastKnownFileType = sourcecode.swift; path = LocalizableProtocol.swift; sourceTree = "<group>"; };
		DDC5D8DF24CC2393007538F7 /* String+Localized.swift */ = {isa = PBXFileReference; lastKnownFileType = sourcecode.swift; path = "String+Localized.swift"; sourceTree = "<group>"; };
		DDC5D8E124CC2434007538F7 /* Localizable.strings */ = {isa = PBXFileReference; lastKnownFileType = text.plist.strings; path = Localizable.strings; sourceTree = "<group>"; };
		DDC5D8E324CC24D1007538F7 /* Localized.swift */ = {isa = PBXFileReference; lastKnownFileType = sourcecode.swift; path = Localized.swift; sourceTree = "<group>"; };
		DDC5D8E724CC34E0007538F7 /* Domain.swift */ = {isa = PBXFileReference; lastKnownFileType = sourcecode.swift; path = Domain.swift; sourceTree = "<group>"; };
		DDC5D8E924CC3525007538F7 /* Endpoint.swift */ = {isa = PBXFileReference; lastKnownFileType = sourcecode.swift; path = Endpoint.swift; sourceTree = "<group>"; };
		DDC5D8EB24CC39CD007538F7 /* Image.swift */ = {isa = PBXFileReference; lastKnownFileType = sourcecode.swift; name = Image.swift; path = Source/Models/Image.swift; sourceTree = SOURCE_ROOT; };
		DDC5D8EF24CC3D16007538F7 /* UIDevice+Extensions.swift */ = {isa = PBXFileReference; lastKnownFileType = sourcecode.swift; path = "UIDevice+Extensions.swift"; sourceTree = "<group>"; };
		DDC5D8F224CC3E5B007538F7 /* ImageUrlResolver.swift */ = {isa = PBXFileReference; lastKnownFileType = sourcecode.swift; path = ImageUrlResolver.swift; sourceTree = "<group>"; };
		DDC5D8F424CC3F77007538F7 /* UniversalString.swift */ = {isa = PBXFileReference; lastKnownFileType = sourcecode.swift; name = UniversalString.swift; path = Source/Models/UniversalString.swift; sourceTree = SOURCE_ROOT; };
		DDC5D8F624CC3FA3007538F7 /* DIContainerProtocol.swift */ = {isa = PBXFileReference; fileEncoding = 4; lastKnownFileType = sourcecode.swift; path = DIContainerProtocol.swift; sourceTree = "<group>"; };
		DDC5D8F824CC419D007538F7 /* Multilingual.swift */ = {isa = PBXFileReference; lastKnownFileType = sourcecode.swift; path = Multilingual.swift; sourceTree = "<group>"; };
		DDC5D8FA24CC424B007538F7 /* URL+ExpressibleByStringLiteral.swift */ = {isa = PBXFileReference; lastKnownFileType = sourcecode.swift; path = "URL+ExpressibleByStringLiteral.swift"; sourceTree = "<group>"; };
		DDC5D8FC24CC4F5C007538F7 /* TitleSource.swift */ = {isa = PBXFileReference; lastKnownFileType = sourcecode.swift; path = TitleSource.swift; sourceTree = "<group>"; };
		DDC5D8FE24CC4FAA007538F7 /* DescriptionSource.swift */ = {isa = PBXFileReference; lastKnownFileType = sourcecode.swift; path = DescriptionSource.swift; sourceTree = "<group>"; };
		DDC5D90024CC4FF3007538F7 /* SingleTitleSource.swift */ = {isa = PBXFileReference; lastKnownFileType = sourcecode.swift; path = SingleTitleSource.swift; sourceTree = "<group>"; };
		DDC5D90224CC4FFF007538F7 /* SingleDescriptionSource.swift */ = {isa = PBXFileReference; lastKnownFileType = sourcecode.swift; path = SingleDescriptionSource.swift; sourceTree = "<group>"; };
		DDC5D90424CC50BB007538F7 /* ImageStorageSource.swift */ = {isa = PBXFileReference; lastKnownFileType = sourcecode.swift; path = ImageStorageSource.swift; sourceTree = "<group>"; };
		DDC5D90624CC52B0007538F7 /* Category.swift */ = {isa = PBXFileReference; lastKnownFileType = sourcecode.swift; name = Category.swift; path = Source/Models/Category.swift; sourceTree = SOURCE_ROOT; };
		DDC5D90824CC52C4007538F7 /* Promotion.swift */ = {isa = PBXFileReference; lastKnownFileType = sourcecode.swift; name = Promotion.swift; path = Source/Models/Promotion.swift; sourceTree = SOURCE_ROOT; };
		DDC5D90A24CC53EB007538F7 /* ImageSource.swift */ = {isa = PBXFileReference; lastKnownFileType = sourcecode.swift; path = ImageSource.swift; sourceTree = "<group>"; };
		DDC5D90C24CC54D3007538F7 /* ShowOptionSource.swift */ = {isa = PBXFileReference; lastKnownFileType = sourcecode.swift; path = ShowOptionSource.swift; sourceTree = "<group>"; };
		DDC5D90E24CC54F1007538F7 /* DisplayType.swift */ = {isa = PBXFileReference; lastKnownFileType = sourcecode.swift; name = DisplayType.swift; path = Source/Models/DisplayType.swift; sourceTree = SOURCE_ROOT; };
		DDC5D91024CC55A5007538F7 /* IdentificationSource.swift */ = {isa = PBXFileReference; lastKnownFileType = sourcecode.swift; path = IdentificationSource.swift; sourceTree = "<group>"; };
		DDC5D91224CC9B21007538F7 /* Package.swift */ = {isa = PBXFileReference; lastKnownFileType = sourcecode.swift; name = Package.swift; path = Source/Models/Package.swift; sourceTree = SOURCE_ROOT; };
		DDC5D91624CC9D19007538F7 /* SlugSource.swift */ = {isa = PBXFileReference; lastKnownFileType = sourcecode.swift; path = SlugSource.swift; sourceTree = "<group>"; };
		DDC5D91924CC9D7E007538F7 /* SubCategorySource.swift */ = {isa = PBXFileReference; lastKnownFileType = sourcecode.swift; path = SubCategorySource.swift; sourceTree = "<group>"; };
		DDC5D91B24CC9E27007538F7 /* PriceSource.swift */ = {isa = PBXFileReference; lastKnownFileType = sourcecode.swift; path = PriceSource.swift; sourceTree = "<group>"; };
		DDC5D91D24CC9EB9007538F7 /* DisplayTypeSource.swift */ = {isa = PBXFileReference; lastKnownFileType = sourcecode.swift; path = DisplayTypeSource.swift; sourceTree = "<group>"; };
		DDC5D91F24CC9F0B007538F7 /* CoverImageStorageSource.swift */ = {isa = PBXFileReference; lastKnownFileType = sourcecode.swift; path = CoverImageStorageSource.swift; sourceTree = "<group>"; };
		DDC5D92124CC9F26007538F7 /* CoverImage.swift */ = {isa = PBXFileReference; lastKnownFileType = sourcecode.swift; name = CoverImage.swift; path = Source/Models/CoverImage.swift; sourceTree = SOURCE_ROOT; };
		DDC5D92324CC9FC8007538F7 /* CategoryPackageStorageSource.swift */ = {isa = PBXFileReference; lastKnownFileType = sourcecode.swift; path = CategoryPackageStorageSource.swift; sourceTree = "<group>"; };
		DDC5D92524CCA7CA007538F7 /* Home.swift */ = {isa = PBXFileReference; lastKnownFileType = sourcecode.swift; name = Home.swift; path = Source/Models/Home.swift; sourceTree = SOURCE_ROOT; };
		DDC5D92724CCA7FB007538F7 /* CategoryStorageSource.swift */ = {isa = PBXFileReference; lastKnownFileType = sourcecode.swift; path = CategoryStorageSource.swift; sourceTree = "<group>"; };
		DDC5D92924CCA812007538F7 /* PromotionStorageSource.swift */ = {isa = PBXFileReference; lastKnownFileType = sourcecode.swift; path = PromotionStorageSource.swift; sourceTree = "<group>"; };
		DDC5D92B24CCA9D7007538F7 /* DIContainer.swift */ = {isa = PBXFileReference; lastKnownFileType = sourcecode.swift; name = DIContainer.swift; path = Source/Containers/DIContainer.swift; sourceTree = SOURCE_ROOT; };
		DDC5D92E24CCB03C007538F7 /* HTTPMethod.swift */ = {isa = PBXFileReference; lastKnownFileType = sourcecode.swift; path = HTTPMethod.swift; sourceTree = "<group>"; };
		DDC5D93024CCB086007538F7 /* HTTPTask.swift */ = {isa = PBXFileReference; lastKnownFileType = sourcecode.swift; path = HTTPTask.swift; sourceTree = "<group>"; };
		DDC5D93224CCB13D007538F7 /* HTTPError.swift */ = {isa = PBXFileReference; lastKnownFileType = sourcecode.swift; path = HTTPError.swift; sourceTree = "<group>"; };
		DDC5D93624CCB1EB007538F7 /* HTTPEndpoint.swift */ = {isa = PBXFileReference; lastKnownFileType = sourcecode.swift; path = HTTPEndpoint.swift; sourceTree = "<group>"; };
		DDC5D93824CCB277007538F7 /* HTTPRouter.swift */ = {isa = PBXFileReference; lastKnownFileType = sourcecode.swift; path = HTTPRouter.swift; sourceTree = "<group>"; };
		DDC5D93A24CCB45F007538F7 /* Router.swift */ = {isa = PBXFileReference; lastKnownFileType = sourcecode.swift; path = Router.swift; sourceTree = "<group>"; };
		DDC5D93D24CCB984007538F7 /* HTTPManager.swift */ = {isa = PBXFileReference; lastKnownFileType = sourcecode.swift; path = HTTPManager.swift; sourceTree = "<group>"; };
		DDC5D93F24CCB9BE007538F7 /* HTTPEnvironment.swift */ = {isa = PBXFileReference; lastKnownFileType = sourcecode.swift; path = HTTPEnvironment.swift; sourceTree = "<group>"; };
		DDC5D94624CCBFBF007538F7 /* HomeProvider.swift */ = {isa = PBXFileReference; lastKnownFileType = sourcecode.swift; path = HomeProvider.swift; sourceTree = "<group>"; };
		DDC5D94824CCBFCA007538F7 /* CategoryProvider.swift */ = {isa = PBXFileReference; lastKnownFileType = sourcecode.swift; path = CategoryProvider.swift; sourceTree = "<group>"; };
		DDC5D94A24CE082D007538F7 /* NetworkingDIContainer.swift */ = {isa = PBXFileReference; lastKnownFileType = sourcecode.swift; name = NetworkingDIContainer.swift; path = Source/Containers/NetworkingDIContainer.swift; sourceTree = SOURCE_ROOT; };
		DDC6601524D58CBC00206D4B /* NavigationItem.swift */ = {isa = PBXFileReference; lastKnownFileType = sourcecode.swift; path = NavigationItem.swift; sourceTree = "<group>"; };
		DDC6601724D58EAA00206D4B /* TitleBarButtonItem.swift */ = {isa = PBXFileReference; lastKnownFileType = sourcecode.swift; path = TitleBarButtonItem.swift; sourceTree = "<group>"; };
		DDC6601924D58EFE00206D4B /* BarButtonItem.swift */ = {isa = PBXFileReference; lastKnownFileType = sourcecode.swift; path = BarButtonItem.swift; sourceTree = "<group>"; };
		DDC6601C24D5932D00206D4B /* NavigationViewController.swift */ = {isa = PBXFileReference; lastKnownFileType = sourcecode.swift; path = NavigationViewController.swift; sourceTree = "<group>"; };
		DDCBA73324D5D330001AE36A /* CategoryCollectionView.swift */ = {isa = PBXFileReference; lastKnownFileType = sourcecode.swift; path = CategoryCollectionView.swift; sourceTree = "<group>"; };
		DDCBA73524D5D34A001AE36A /* CategoryCompositionalLayout.swift */ = {isa = PBXFileReference; lastKnownFileType = sourcecode.swift; path = CategoryCompositionalLayout.swift; sourceTree = "<group>"; };
		DDCBA73724D5D5EF001AE36A /* CategoryViewModel.swift */ = {isa = PBXFileReference; lastKnownFileType = sourcecode.swift; path = CategoryViewModel.swift; sourceTree = "<group>"; };
		DDCBA73924D5E745001AE36A /* PackageCellViewModel.swift */ = {isa = PBXFileReference; lastKnownFileType = sourcecode.swift; path = PackageCellViewModel.swift; sourceTree = "<group>"; };
		DDCBA73D24D5ED1B001AE36A /* PackageCell.swift */ = {isa = PBXFileReference; lastKnownFileType = sourcecode.swift; path = PackageCell.swift; sourceTree = "<group>"; };
		DDCBA73F24D5F02E001AE36A /* Number+Formatter.swift */ = {isa = PBXFileReference; lastKnownFileType = sourcecode.swift; path = "Number+Formatter.swift"; sourceTree = "<group>"; };
		DDCFB28E24D699C30016E648 /* RouterTests.swift */ = {isa = PBXFileReference; lastKnownFileType = sourcecode.swift; path = RouterTests.swift; sourceTree = "<group>"; };
		DDCFB29024D699DE0016E648 /* EndpointTests.swift */ = {isa = PBXFileReference; lastKnownFileType = sourcecode.swift; path = EndpointTests.swift; sourceTree = "<group>"; };
		DDCFB29324D699F60016E648 /* MockEndpoint.swift */ = {isa = PBXFileReference; lastKnownFileType = sourcecode.swift; path = MockEndpoint.swift; sourceTree = "<group>"; };
		DDCFB29924D69ADF0016E648 /* HTTPDomain.swift */ = {isa = PBXFileReference; lastKnownFileType = sourcecode.swift; path = HTTPDomain.swift; sourceTree = "<group>"; };
		DDCFB29B24D69B580016E648 /* MockDomain.swift */ = {isa = PBXFileReference; lastKnownFileType = sourcecode.swift; path = MockDomain.swift; sourceTree = "<group>"; };
		DDCFB29D24D6E7860016E648 /* MockURLProtocol.swift */ = {isa = PBXFileReference; lastKnownFileType = sourcecode.swift; path = MockURLProtocol.swift; sourceTree = "<group>"; };
		DDCFB2A024D6E94F0016E648 /* MockURLSession.swift */ = {isa = PBXFileReference; lastKnownFileType = sourcecode.swift; path = MockURLSession.swift; sourceTree = "<group>"; };
		DDCFB2A224D6EDAB0016E648 /* MockRouter.swift */ = {isa = PBXFileReference; lastKnownFileType = sourcecode.swift; path = MockRouter.swift; sourceTree = "<group>"; };
		DDCFB2A824D6F4AB0016E648 /* APIResponseData.swift */ = {isa = PBXFileReference; lastKnownFileType = sourcecode.swift; path = APIResponseData.swift; sourceTree = "<group>"; };
		DDCFB2AA24D702260016E648 /* TestError.swift */ = {isa = PBXFileReference; lastKnownFileType = sourcecode.swift; path = TestError.swift; sourceTree = "<group>"; };
		DDF1847924D16B76000A2619 /* UIView+Publishers.swift */ = {isa = PBXFileReference; lastKnownFileType = sourcecode.swift; path = "UIView+Publishers.swift"; sourceTree = "<group>"; };
/* End PBXFileReference section */

/* Begin PBXFrameworksBuildPhase section */
		DDC5D89824CC0CD9007538F7 /* Frameworks */ = {
			isa = PBXFrameworksBuildPhase;
			buildActionMask = 2147483647;
			files = (
			);
			runOnlyForDeploymentPostprocessing = 0;
		};
		DDC5D8AE24CC0CD9007538F7 /* Frameworks */ = {
			isa = PBXFrameworksBuildPhase;
			buildActionMask = 2147483647;
			files = (
			);
			runOnlyForDeploymentPostprocessing = 0;
		};
/* End PBXFrameworksBuildPhase section */

/* Begin PBXGroup section */
		DD22278924D571D10034B6D2 /* NavigationBar */ = {
			isa = PBXGroup;
			children = (
				DD22278724D570500034B6D2 /* NavigationBar.swift */,
				DDC6601524D58CBC00206D4B /* NavigationItem.swift */,
				DDC6601724D58EAA00206D4B /* TitleBarButtonItem.swift */,
				DD22278A24D571E20034B6D2 /* BackBarButtonItem.swift */,
				DDC6601924D58EFE00206D4B /* BarButtonItem.swift */,
			);
			path = NavigationBar;
			sourceTree = "<group>";
		};
		DD87420124D67465003D88DE /* Configuration */ = {
			isa = PBXGroup;
			children = (
				DD87420424D674C5003D88DE /* Configuration.swift */,
				DD87420224D674A2003D88DE /* Production.xcconfig */,
				DD87420324D674AE003D88DE /* Development.xcconfig */,
			);
			path = Configuration;
			sourceTree = "<group>";
		};
		DD96C9D324CEFAD200E6689E /* Fonts */ = {
			isa = PBXGroup;
			children = (
				DD96C9E524CEFB5E00E6689E /* Poppins-Bold.ttf */,
				DD96C9D424CEFB5C00E6689E /* Poppins-SemiBold.ttf */,
				DD96C9E024CEFB5D00E6689E /* Poppins-Medium.ttf */,
				DD96C9D524CEFB5C00E6689E /* Poppins-Regular.ttf */,
				DD96C9DA24CEFB5D00E6689E /* Poppins-Light.ttf */,
				DD96C9D724CEFB5C00E6689E /* Poppins-LightItalic.ttf */,
			);
			path = Fonts;
			sourceTree = "<group>";
		};
		DD96C9FA24CF422900E6689E /* Coordinator */ = {
			isa = PBXGroup;
			children = (
				DD96C9FB24CF423500E6689E /* Coordinator.swift */,
				DD96C9FD24CF424A00E6689E /* Storyboarded.swift */,
			);
			path = Coordinator;
			sourceTree = "<group>";
		};
		DD96CA1F24CF756400E6689E /* Routes */ = {
			isa = PBXGroup;
			children = (
				DD96CA2024CF758200E6689E /* CategoryViewing.swift */,
			);
			path = Routes;
			sourceTree = "<group>";
		};
		DD9C6C5D24D097480066D6F2 /* View Modifiers */ = {
			isa = PBXGroup;
			children = (
				DD9C6C4D24D077550066D6F2 /* DequableReusableViewProtocol.swift */,
				DD9C6C5B24D090CD0066D6F2 /* DequableCellProtocol.swift */,
			);
			path = "View Modifiers";
			sourceTree = "<group>";
		};
		DDB8347424D2F5630027D60B /* Cell */ = {
			isa = PBXGroup;
			children = (
				DDCBA73D24D5ED1B001AE36A /* PackageCell.swift */,
				DD9C6C5724D090910066D6F2 /* PromotionCell.swift */,
				DD9C6C5324D090810066D6F2 /* CategoryCell.swift */,
				DDC4425424D1F1B6006233D0 /* EventCell.swift */,
				DDB8347D24D2FCE10027D60B /* CollectionViewCell.swift */,
			);
			path = Cell;
			sourceTree = "<group>";
		};
		DDB8A6F324D726560023141E /* Workflows */ = {
			isa = PBXGroup;
			children = (
				DDB8A6F824D727D50023141E /* workflows */,
			);
			name = Workflows;
			sourceTree = "<group>";
		};
		DDB8A6F824D727D50023141E /* workflows */ = {
			isa = PBXGroup;
			children = (
				DDB8A6F924D727D50023141E /* test.yml */,
			);
			name = workflows;
			path = .github/workflows;
			sourceTree = "<group>";
		};
		DDC4425824D2106E006233D0 /* Layout */ = {
			isa = PBXGroup;
			children = (
				DDC4425924D2107C006233D0 /* HomeCompositionalLayout.swift */,
				DDCBA73524D5D34A001AE36A /* CategoryCompositionalLayout.swift */,
				DDB8346E24D2B4F30027D60B /* CompositionalLayout.swift */,
			);
			path = Layout;
			sourceTree = "<group>";
		};
		DDC5D89224CC0CD9007538F7 = {
			isa = PBXGroup;
			children = (
				DDC5D89D24CC0CD9007538F7 /* Source */,
				DDC5D8B424CC0CD9007538F7 /* Tests */,
				DD87420124D67465003D88DE /* Configuration */,
				DDB8A6F324D726560023141E /* Workflows */,
				DDC5D89C24CC0CD9007538F7 /* Products */,
			);
			sourceTree = "<group>";
		};
		DDC5D89C24CC0CD9007538F7 /* Products */ = {
			isa = PBXGroup;
			children = (
				DDC5D89B24CC0CD9007538F7 /* Socialteq.app */,
				DDC5D8B124CC0CD9007538F7 /* SocialteqTests.xctest */,
			);
			name = Products;
			sourceTree = "<group>";
		};
		DDC5D89D24CC0CD9007538F7 /* Source */ = {
			isa = PBXGroup;
			children = (
				DDC5D8D624CC151C007538F7 /* Resources */,
				DDC5D8C724CC0FEB007538F7 /* Coordinators */,
				DDC5D8C024CC0F9C007538F7 /* ViewControllers */,
				DDC5D8C124CC0FA3007538F7 /* Views */,
				DDC5D8C324CC0FBA007538F7 /* Models */,
				DDC5D8C224CC0FAE007538F7 /* ViewModels */,
				DDC5D8F124CC3E35007538F7 /* Protocols */,
				DDC5D8C624CC0FD1007538F7 /* Containers */,
				DDC5D8E524CC34C3007538F7 /* Workers */,
				DDC5D8C424CC0FC2007538F7 /* Helpers */,
				DDC5D8C524CC0FC9007538F7 /* Extensions */,
				DDC5D89E24CC0CD9007538F7 /* AppDelegate.swift */,
				DDC5D8A024CC0CD9007538F7 /* SceneDelegate.swift */,
				DDC5D8A224CC0CD9007538F7 /* ViewController.swift */,
				DDC5D8A724CC0CD9007538F7 /* Assets.xcassets */,
				DDC5D8A924CC0CD9007538F7 /* LaunchScreen.storyboard */,
				DDC5D8AC24CC0CD9007538F7 /* Info.plist */,
			);
			path = Source;
			sourceTree = "<group>";
		};
		DDC5D8B424CC0CD9007538F7 /* Tests */ = {
			isa = PBXGroup;
			children = (
				DDCFB2A724D6F4900016E648 /* TestData */,
				DDCFB29224D699EE0016E648 /* Modules */,
				DDB8A6F024D71BFE0023141E /* HTTPManagerTests.swift */,
				DDCFB28E24D699C30016E648 /* RouterTests.swift */,
				DDCFB29024D699DE0016E648 /* EndpointTests.swift */,
				DDCFB2AA24D702260016E648 /* TestError.swift */,
				DDC5D8B724CC0CD9007538F7 /* Info.plist */,
			);
			path = Tests;
			sourceTree = "<group>";
		};
		DDC5D8C024CC0F9C007538F7 /* ViewControllers */ = {
			isa = PBXGroup;
			children = (
				DD96C9F824CEFDED00E6689E /* MainTabBarController.swift */,
				DD96CA1524CF47DF00E6689E /* MainNavigationController.swift */,
				DD96CA0124CF42E900E6689E /* HomeVC.swift */,
				DD96CA1D24CF754D00E6689E /* CategoryVC.swift */,
				DD96CA0B24CF43EA00E6689E /* CategoriesVC.swift */,
				DD96CA0D24CF440A00E6689E /* ProfileVC.swift */,
				DD96CA0F24CF441B00E6689E /* HelpVC.swift */,
			);
			path = ViewControllers;
			sourceTree = "<group>";
		};
		DDC5D8C124CC0FA3007538F7 /* Views */ = {
			isa = PBXGroup;
			children = (
				DDC6601B24D5931200206D4B /* Controller */,
				DD22278924D571D10034B6D2 /* NavigationBar */,
				DDC4425824D2106E006233D0 /* Layout */,
				DDB8347424D2F5630027D60B /* Cell */,
				DDC5D94C24CE08DD007538F7 /* Tabbar */,
				DD9C6C3F24D029360066D6F2 /* RoundedView.swift */,
				DD9C6C4324D060130066D6F2 /* TextField.swift */,
				DD9C6C5124D08C4E0066D6F2 /* LoadingImageView.swift */,
				DD9C6C4524D068E20066D6F2 /* TitleReusableView.swift */,
				DD9C6C5E24D0A00E0066D6F2 /* BadgeLabel.swift */,
				DDB8347224D2F55A0027D60B /* HomeCollectionView.swift */,
				DDCBA73324D5D330001AE36A /* CategoryCollectionView.swift */,
			);
			path = Views;
			sourceTree = "<group>";
		};
		DDC5D8C224CC0FAE007538F7 /* ViewModels */ = {
			isa = PBXGroup;
			children = (
				DDB8347024D2ED910027D60B /* HomeViewModel.swift */,
				DDCBA73724D5D5EF001AE36A /* CategoryViewModel.swift */,
				DDCBA73924D5E745001AE36A /* PackageCellViewModel.swift */,
				DDB8347724D2F9E90027D60B /* EventCellViewModel.swift */,
				DD22277924D430640034B6D2 /* CategoryCellViewModel.swift */,
				DD22277B24D4306E0034B6D2 /* PromotionCellViewModel.swift */,
			);
			path = ViewModels;
			sourceTree = "<group>";
		};
		DDC5D8C324CC0FBA007538F7 /* Models */ = {
			isa = PBXGroup;
			children = (
				DDC5D8D724CC1AD1007538F7 /* User.swift */,
				DDC5D92524CCA7CA007538F7 /* Home.swift */,
				DDC5D90624CC52B0007538F7 /* Category.swift */,
				DDC5D91224CC9B21007538F7 /* Package.swift */,
				DDC5D90824CC52C4007538F7 /* Promotion.swift */,
				DDC5D8EB24CC39CD007538F7 /* Image.swift */,
				DDC5D92124CC9F26007538F7 /* CoverImage.swift */,
				DDC5D8F424CC3F77007538F7 /* UniversalString.swift */,
				DDC5D90E24CC54F1007538F7 /* DisplayType.swift */,
			);
			path = Models;
			sourceTree = "<group>";
		};
		DDC5D8C424CC0FC2007538F7 /* Helpers */ = {
			isa = PBXGroup;
			children = (
				DD96C9FA24CF422900E6689E /* Coordinator */,
				DDC5D8C924CC1203007538F7 /* PropertyWrappers */,
			);
			path = Helpers;
			sourceTree = "<group>";
		};
		DDC5D8C524CC0FC9007538F7 /* Extensions */ = {
			isa = PBXGroup;
			children = (
				DD96CA1724CF4B8400E6689E /* UIImage+AppImages.swift */,
				DD96C9CF24CEF71700E6689E /* UIColor+AppColors.swift */,
				DD96C9D124CEF72400E6689E /* UIFont+AppFonts.swift */,
				DDC5D8DF24CC2393007538F7 /* String+Localized.swift */,
				DDC5D8EF24CC3D16007538F7 /* UIDevice+Extensions.swift */,
				DDC5D8FA24CC424B007538F7 /* URL+ExpressibleByStringLiteral.swift */,
				DD96CA1324CF455E00E6689E /* UIStoryboard+AppBoards.swift */,
				DD96CA1B24CF594600E6689E /* UIView+Constraint.swift */,
				DDF1847924D16B76000A2619 /* UIView+Publishers.swift */,
				DD0DC3A524D1D6700045CDEB /* Int+Constants.swift */,
				DD22277524D3FCD90034B6D2 /* String+Operators.swift */,
				DD22277724D3FDA00034B6D2 /* Combine+Extensions.swift */,
				DD22277F24D4550C0034B6D2 /* URLSession+DownloadTaskPublisher.swift */,
				DD22278524D4A9C90034B6D2 /* UIImageView+ImageProvider.swift */,
				DDCBA73F24D5F02E001AE36A /* Number+Formatter.swift */,
			);
			path = Extensions;
			sourceTree = "<group>";
		};
		DDC5D8C624CC0FD1007538F7 /* Containers */ = {
			isa = PBXGroup;
			children = (
				DDC5D92B24CCA9D7007538F7 /* DIContainer.swift */,
				DDC5D94A24CE082D007538F7 /* NetworkingDIContainer.swift */,
			);
			path = Containers;
			sourceTree = "<group>";
		};
		DDC5D8C724CC0FEB007538F7 /* Coordinators */ = {
			isa = PBXGroup;
			children = (
				DD96CA1F24CF756400E6689E /* Routes */,
				DD22276F24D30A0A0034B6D2 /* MainCoordinator.swift */,
				DD96CA0324CF432100E6689E /* HomeCoordinator.swift */,
				DD96CA0524CF43AC00E6689E /* CategoriesCoordinator.swift */,
				DD96CA0724CF43B500E6689E /* ProfileCoordinator.swift */,
				DD96CA0924CF43BE00E6689E /* HelpCoordinator.swift */,
			);
			path = Coordinators;
			sourceTree = "<group>";
		};
		DDC5D8C924CC1203007538F7 /* PropertyWrappers */ = {
			isa = PBXGroup;
			children = (
				DDC5D8CA24CC120F007538F7 /* Injected.swift */,
				DDC5D8D424CC13D0007538F7 /* Registerable.swift */,
				DDC5D8D924CC1B07007538F7 /* AppStorage.swift */,
				DDC5D8E324CC24D1007538F7 /* Localized.swift */,
				DD22277124D33A5F0034B6D2 /* CurrentValue.swift */,
			);
			path = PropertyWrappers;
			sourceTree = "<group>";
		};
		DDC5D8D624CC151C007538F7 /* Resources */ = {
			isa = PBXGroup;
			children = (
				DDC5D8A424CC0CD9007538F7 /* Main.storyboard */,
				DD9C6C4824D0695F0066D6F2 /* TitleReusableView.xib */,
				DD8741FA24D5F7C3003D88DE /* PackageCell.xib */,
				DDC4425524D1F1B6006233D0 /* EventCell.xib */,
				DD9C6C5424D090810066D6F2 /* CategoryCell.xib */,
				DD9C6C5824D090910066D6F2 /* PromotionCell.xib */,
				DDC5D8E124CC2434007538F7 /* Localizable.strings */,
				DD96C9D324CEFAD200E6689E /* Fonts */,
			);
			path = Resources;
			sourceTree = "<group>";
		};
		DDC5D8E524CC34C3007538F7 /* Workers */ = {
			isa = PBXGroup;
			children = (
				DDC5D8E624CC34D4007538F7 /* Networking */,
			);
			path = Workers;
			sourceTree = "<group>";
		};
		DDC5D8E624CC34D4007538F7 /* Networking */ = {
			isa = PBXGroup;
			children = (
				DDC5D93C24CCB97B007538F7 /* Manager */,
				DDC5D93424CCB1CC007538F7 /* Endpoint */,
				DDC5D92D24CCB030007538F7 /* Service */,
				DDC5D94524CCBFA1007538F7 /* Providers */,
			);
			path = Networking;
			sourceTree = "<group>";
		};
		DDC5D8F124CC3E35007538F7 /* Protocols */ = {
			isa = PBXGroup;
			children = (
				DD9C6C5D24D097480066D6F2 /* View Modifiers */,
				DDC5D91524CC9BFD007538F7 /* Source parts */,
				DDC5D8F824CC419D007538F7 /* Multilingual.swift */,
				DDC5D8F224CC3E5B007538F7 /* ImageUrlResolver.swift */,
				DDC5D8DD24CC22D5007538F7 /* LocalizableProtocol.swift */,
				DDC5D8F624CC3FA3007538F7 /* DIContainerProtocol.swift */,
				DDC5D8D224CC1386007538F7 /* IdentifiableProtocol.swift */,
				DDB8347924D2FB8F0027D60B /* ViewModelType.swift */,
				DD22277324D3FB9F0034B6D2 /* AnyOptional.swift */,
			);
			path = Protocols;
			sourceTree = "<group>";
		};
		DDC5D91524CC9BFD007538F7 /* Source parts */ = {
			isa = PBXGroup;
			children = (
				DDC5D90024CC4FF3007538F7 /* SingleTitleSource.swift */,
				DDC5D8FC24CC4F5C007538F7 /* TitleSource.swift */,
				DDC5D90224CC4FFF007538F7 /* SingleDescriptionSource.swift */,
				DDC5D8FE24CC4FAA007538F7 /* DescriptionSource.swift */,
				DDC5D91024CC55A5007538F7 /* IdentificationSource.swift */,
				DDC5D90A24CC53EB007538F7 /* ImageSource.swift */,
				DDC5D90424CC50BB007538F7 /* ImageStorageSource.swift */,
				DDC5D90C24CC54D3007538F7 /* ShowOptionSource.swift */,
				DDC5D91624CC9D19007538F7 /* SlugSource.swift */,
				DDC5D91924CC9D7E007538F7 /* SubCategorySource.swift */,
				DDC5D91B24CC9E27007538F7 /* PriceSource.swift */,
				DDC5D91D24CC9EB9007538F7 /* DisplayTypeSource.swift */,
				DDC5D91F24CC9F0B007538F7 /* CoverImageStorageSource.swift */,
				DDC5D92324CC9FC8007538F7 /* CategoryPackageStorageSource.swift */,
				DDC5D92724CCA7FB007538F7 /* CategoryStorageSource.swift */,
				DDC5D92924CCA812007538F7 /* PromotionStorageSource.swift */,
				DD22277D24D434560034B6D2 /* NewBadgeSource.swift */,
			);
			path = "Source parts";
			sourceTree = "<group>";
		};
		DDC5D92D24CCB030007538F7 /* Service */ = {
			isa = PBXGroup;
			children = (
				DDC5D93A24CCB45F007538F7 /* Router.swift */,
				DDC5D93824CCB277007538F7 /* HTTPRouter.swift */,
				DDC5D92E24CCB03C007538F7 /* HTTPMethod.swift */,
				DDC5D93024CCB086007538F7 /* HTTPTask.swift */,
				DDC5D93224CCB13D007538F7 /* HTTPError.swift */,
				DDC5D93F24CCB9BE007538F7 /* HTTPEnvironment.swift */,
				DD22278324D482E50034B6D2 /* HTTPFile.swift */,
			);
			path = Service;
			sourceTree = "<group>";
		};
		DDC5D93424CCB1CC007538F7 /* Endpoint */ = {
			isa = PBXGroup;
			children = (
				DDC5D8E924CC3525007538F7 /* Endpoint.swift */,
				DDC5D93624CCB1EB007538F7 /* HTTPEndpoint.swift */,
				DDC5D8E724CC34E0007538F7 /* Domain.swift */,
				DDCFB29924D69ADF0016E648 /* HTTPDomain.swift */,
			);
			path = Endpoint;
			sourceTree = "<group>";
		};
		DDC5D93C24CCB97B007538F7 /* Manager */ = {
			isa = PBXGroup;
			children = (
				DDC5D93D24CCB984007538F7 /* HTTPManager.swift */,
			);
			path = Manager;
			sourceTree = "<group>";
		};
		DDC5D94524CCBFA1007538F7 /* Providers */ = {
			isa = PBXGroup;
			children = (
				DDC5D94624CCBFBF007538F7 /* HomeProvider.swift */,
				DDC5D94824CCBFCA007538F7 /* CategoryProvider.swift */,
				DD22278124D460070034B6D2 /* ImageProvider.swift */,
			);
			path = Providers;
			sourceTree = "<group>";
		};
		DDC5D94C24CE08DD007538F7 /* Tabbar */ = {
			isa = PBXGroup;
			children = (
				DD96C9C824CEF6BB00E6689E /* TabBarController.swift */,
				DD9C6C3924CFE27D0066D6F2 /* TabBar.swift */,
				DD96C9C724CEF6BB00E6689E /* TabBarButton.swift */,
				DD96C9CA24CEF6BC00E6689E /* TabBarStackView.swift */,
				DD96C9C924CEF6BB00E6689E /* TabBarView.swift */,
				DD96CA1924CF559300E6689E /* TabBarBadge.swift */,
			);
			path = Tabbar;
			sourceTree = "<group>";
		};
		DDC6601B24D5931200206D4B /* Controller */ = {
			isa = PBXGroup;
			children = (
				DD9C6C4F24D087650066D6F2 /* BaseViewController.swift */,
				DDC6601C24D5932D00206D4B /* NavigationViewController.swift */,
			);
			path = Controller;
			sourceTree = "<group>";
		};
		DDCFB29224D699EE0016E648 /* Modules */ = {
			isa = PBXGroup;
			children = (
				DDCFB29324D699F60016E648 /* MockEndpoint.swift */,
				DDCFB29B24D69B580016E648 /* MockDomain.swift */,
				DDCFB2A224D6EDAB0016E648 /* MockRouter.swift */,
				DDCFB29D24D6E7860016E648 /* MockURLProtocol.swift */,
				DDCFB2A024D6E94F0016E648 /* MockURLSession.swift */,
			);
			path = Modules;
			sourceTree = "<group>";
		};
		DDCFB2A724D6F4900016E648 /* TestData */ = {
			isa = PBXGroup;
			children = (
				DDCFB2A824D6F4AB0016E648 /* APIResponseData.swift */,
			);
			path = TestData;
			sourceTree = "<group>";
		};
/* End PBXGroup section */

/* Begin PBXNativeTarget section */
		DDC5D89A24CC0CD9007538F7 /* Socialteq */ = {
			isa = PBXNativeTarget;
			buildConfigurationList = DDC5D8BA24CC0CD9007538F7 /* Build configuration list for PBXNativeTarget "Socialteq" */;
			buildPhases = (
				DDC5D89724CC0CD9007538F7 /* Sources */,
				DDC5D89824CC0CD9007538F7 /* Frameworks */,
				DDC5D89924CC0CD9007538F7 /* Resources */,
			);
			buildRules = (
			);
			dependencies = (
			);
			name = Socialteq;
			productName = Socialteq;
			productReference = DDC5D89B24CC0CD9007538F7 /* Socialteq.app */;
			productType = "com.apple.product-type.application";
		};
		DDC5D8B024CC0CD9007538F7 /* SocialteqTests */ = {
			isa = PBXNativeTarget;
			buildConfigurationList = DDC5D8BD24CC0CD9007538F7 /* Build configuration list for PBXNativeTarget "SocialteqTests" */;
			buildPhases = (
				DDC5D8AD24CC0CD9007538F7 /* Sources */,
				DDC5D8AE24CC0CD9007538F7 /* Frameworks */,
				DDC5D8AF24CC0CD9007538F7 /* Resources */,
			);
			buildRules = (
			);
			dependencies = (
				DDC5D8B324CC0CD9007538F7 /* PBXTargetDependency */,
			);
			name = SocialteqTests;
			productName = SocialteqTests;
			productReference = DDC5D8B124CC0CD9007538F7 /* SocialteqTests.xctest */;
			productType = "com.apple.product-type.bundle.unit-test";
		};
/* End PBXNativeTarget section */

/* Begin PBXProject section */
		DDC5D89324CC0CD9007538F7 /* Project object */ = {
			isa = PBXProject;
			attributes = {
				BuildIndependentTargetsInParallel = YES;
				LastSwiftUpdateCheck = 1150;
				LastUpgradeCheck = 1150;
				ORGANIZATIONNAME = "Mohamadreza Koohkan";
				TargetAttributes = {
					DDC5D89A24CC0CD9007538F7 = {
						CreatedOnToolsVersion = 11.5;
					};
					DDC5D8B024CC0CD9007538F7 = {
						CreatedOnToolsVersion = 11.5;
						TestTargetID = DDC5D89A24CC0CD9007538F7;
					};
				};
			};
			buildConfigurationList = DDC5D89624CC0CD9007538F7 /* Build configuration list for PBXProject "Socialteq" */;
			compatibilityVersion = "Xcode 9.3";
			developmentRegion = en;
			hasScannedForEncodings = 0;
			knownRegions = (
				en,
				Base,
			);
			mainGroup = DDC5D89224CC0CD9007538F7;
			productRefGroup = DDC5D89C24CC0CD9007538F7 /* Products */;
			projectDirPath = "";
			projectRoot = "";
			targets = (
				DDC5D89A24CC0CD9007538F7 /* Socialteq */,
				DDC5D8B024CC0CD9007538F7 /* SocialteqTests */,
			);
		};
/* End PBXProject section */

/* Begin PBXResourcesBuildPhase section */
		DDC5D89924CC0CD9007538F7 /* Resources */ = {
			isa = PBXResourcesBuildPhase;
			buildActionMask = 2147483647;
			files = (
				DD96C9F224CEFB5E00E6689E /* Poppins-Medium.ttf in Resources */,
				DD8741FC24D5F7C3003D88DE /* PackageCell.xib in Resources */,
				DD96C9F724CEFB5E00E6689E /* Poppins-Bold.ttf in Resources */,
				DD96C9E624CEFB5E00E6689E /* Poppins-SemiBold.ttf in Resources */,
				DDC5D8AB24CC0CD9007538F7 /* LaunchScreen.storyboard in Resources */,
				DD9C6C4A24D0695F0066D6F2 /* TitleReusableView.xib in Resources */,
				DDC5D8E224CC2434007538F7 /* Localizable.strings in Resources */,
				DDC4425724D1F1B6006233D0 /* EventCell.xib in Resources */,
				DD96C9E724CEFB5E00E6689E /* Poppins-Regular.ttf in Resources */,
				DD9C6C5A24D090910066D6F2 /* PromotionCell.xib in Resources */,
				DD9C6C5624D090810066D6F2 /* CategoryCell.xib in Resources */,
				DDC5D8A824CC0CD9007538F7 /* Assets.xcassets in Resources */,
				DDC5D8A624CC0CD9007538F7 /* Main.storyboard in Resources */,
				DD96C9EC24CEFB5E00E6689E /* Poppins-Light.ttf in Resources */,
				DD96C9E924CEFB5E00E6689E /* Poppins-LightItalic.ttf in Resources */,
			);
			runOnlyForDeploymentPostprocessing = 0;
		};
		DDC5D8AF24CC0CD9007538F7 /* Resources */ = {
			isa = PBXResourcesBuildPhase;
			buildActionMask = 2147483647;
			files = (
			);
			runOnlyForDeploymentPostprocessing = 0;
		};
/* End PBXResourcesBuildPhase section */

/* Begin PBXSourcesBuildPhase section */
		DDC5D89724CC0CD9007538F7 /* Sources */ = {
			isa = PBXSourcesBuildPhase;
			buildActionMask = 2147483647;
			files = (
				DD22277E24D434560034B6D2 /* NewBadgeSource.swift in Sources */,
				DDCBA73624D5D34A001AE36A /* CategoryCompositionalLayout.swift in Sources */,
				DDC5D92024CC9F0B007538F7 /* CoverImageStorageSource.swift in Sources */,
				DDC5D90B24CC53EB007538F7 /* ImageSource.swift in Sources */,
				DD96CA0E24CF440A00E6689E /* ProfileVC.swift in Sources */,
				DD22277824D3FDA00034B6D2 /* Combine+Extensions.swift in Sources */,
				DD87420524D674C5003D88DE /* Configuration.swift in Sources */,
				DD9C6C5C24D090CD0066D6F2 /* DequableCellProtocol.swift in Sources */,
				DDC5D8EA24CC3525007538F7 /* Endpoint.swift in Sources */,
				DDC5D8F924CC419D007538F7 /* Multilingual.swift in Sources */,
				DD96CA0824CF43B500E6689E /* ProfileCoordinator.swift in Sources */,
				DD96CA0A24CF43BE00E6689E /* HelpCoordinator.swift in Sources */,
				DDC5D8D524CC13D0007538F7 /* Registerable.swift in Sources */,
				DD9C6C4024D029360066D6F2 /* RoundedView.swift in Sources */,
				DDC5D93724CCB1EB007538F7 /* HTTPEndpoint.swift in Sources */,
				DDC5D8E424CC24D1007538F7 /* Localized.swift in Sources */,
				DDC5D93E24CCB984007538F7 /* HTTPManager.swift in Sources */,
				DD22277024D30A0A0034B6D2 /* MainCoordinator.swift in Sources */,
				DDC5D92824CCA7FB007538F7 /* CategoryStorageSource.swift in Sources */,
				DDCFB29C24D69B580016E648 /* MockDomain.swift in Sources */,
				DDCBA73A24D5E745001AE36A /* PackageCellViewModel.swift in Sources */,
				DDC5D90D24CC54D3007538F7 /* ShowOptionSource.swift in Sources */,
				DDC5D8A324CC0CD9007538F7 /* ViewController.swift in Sources */,
				DD96CA2124CF758200E6689E /* CategoryViewing.swift in Sources */,
				DD96C9CE24CEF6BC00E6689E /* TabBarStackView.swift in Sources */,
				DDC5D8EC24CC39CD007538F7 /* Image.swift in Sources */,
				DDC5D90524CC50BB007538F7 /* ImageStorageSource.swift in Sources */,
				DD96C9CB24CEF6BC00E6689E /* TabBarButton.swift in Sources */,
				DD22278024D4550C0034B6D2 /* URLSession+DownloadTaskPublisher.swift in Sources */,
				DDC5D8DE24CC22D5007538F7 /* LocalizableProtocol.swift in Sources */,
				DD96CA1A24CF559300E6689E /* TabBarBadge.swift in Sources */,
				DD22277224D33A5F0034B6D2 /* CurrentValue.swift in Sources */,
				DD9C6C4624D068E20066D6F2 /* TitleReusableView.swift in Sources */,
				DDC5D8FD24CC4F5C007538F7 /* TitleSource.swift in Sources */,
				DDC5D91C24CC9E27007538F7 /* PriceSource.swift in Sources */,
				DDC5D90724CC52B0007538F7 /* Category.swift in Sources */,
				DDC5D90F24CC54F1007538F7 /* DisplayType.swift in Sources */,
				DDC5D8F724CC3FA3007538F7 /* DIContainerProtocol.swift in Sources */,
				DDC6601A24D58EFE00206D4B /* BarButtonItem.swift in Sources */,
				DDCFB29A24D69ADF0016E648 /* HTTPDomain.swift in Sources */,
				DD22278624D4A9C90034B6D2 /* UIImageView+ImageProvider.swift in Sources */,
				DDC5D8D324CC1387007538F7 /* IdentifiableProtocol.swift in Sources */,
				DDC6601824D58EAA00206D4B /* TitleBarButtonItem.swift in Sources */,
				DDC5D90124CC4FF3007538F7 /* SingleTitleSource.swift in Sources */,
				DDC5D89F24CC0CD9007538F7 /* AppDelegate.swift in Sources */,
				DD96C9FC24CF423500E6689E /* Coordinator.swift in Sources */,
				DD96C9F924CEFDED00E6689E /* MainTabBarController.swift in Sources */,
				DDC5D92A24CCA812007538F7 /* PromotionStorageSource.swift in Sources */,
				DDB8347324D2F55A0027D60B /* HomeCollectionView.swift in Sources */,
				DDC5D93124CCB086007538F7 /* HTTPTask.swift in Sources */,
				DD22278224D460070034B6D2 /* ImageProvider.swift in Sources */,
				DD96CA1624CF47DF00E6689E /* MainNavigationController.swift in Sources */,
				DD96C9CD24CEF6BC00E6689E /* TabBarView.swift in Sources */,
				DDB8347124D2ED910027D60B /* HomeViewModel.swift in Sources */,
				DD96CA1024CF441B00E6689E /* HelpVC.swift in Sources */,
				DD96C9CC24CEF6BC00E6689E /* TabBarController.swift in Sources */,
				DDCBA73824D5D5EF001AE36A /* CategoryViewModel.swift in Sources */,
				DDC5D8FF24CC4FAA007538F7 /* DescriptionSource.swift in Sources */,
				DDB8347A24D2FB8F0027D60B /* ViewModelType.swift in Sources */,
				DDB8346F24D2B4F30027D60B /* CompositionalLayout.swift in Sources */,
				DD22277C24D4306E0034B6D2 /* PromotionCellViewModel.swift in Sources */,
				DD0DC3A624D1D6700045CDEB /* Int+Constants.swift in Sources */,
				DD96CA0C24CF43EA00E6689E /* CategoriesVC.swift in Sources */,
				DDC4425624D1F1B6006233D0 /* EventCell.swift in Sources */,
				DDC5D8F524CC3F77007538F7 /* UniversalString.swift in Sources */,
				DD9C6C4E24D077550066D6F2 /* DequableReusableViewProtocol.swift in Sources */,
				DD96CA1824CF4B8400E6689E /* UIImage+AppImages.swift in Sources */,
				DDC5D8D824CC1AD1007538F7 /* User.swift in Sources */,
				DDC5D92624CCA7CA007538F7 /* Home.swift in Sources */,
				DD96CA1C24CF594600E6689E /* UIView+Constraint.swift in Sources */,
				DDC5D90324CC5000007538F7 /* SingleDescriptionSource.swift in Sources */,
				DDC5D8F324CC3E5B007538F7 /* ImageUrlResolver.swift in Sources */,
				DDC6601D24D5932D00206D4B /* NavigationViewController.swift in Sources */,
				DDC5D8A124CC0CD9007538F7 /* SceneDelegate.swift in Sources */,
				DDC5D8DA24CC1B07007538F7 /* AppStorage.swift in Sources */,
				DDC6601624D58CBC00206D4B /* NavigationItem.swift in Sources */,
				DDC5D8E024CC2393007538F7 /* String+Localized.swift in Sources */,
				DD22278824D570500034B6D2 /* NavigationBar.swift in Sources */,
				DDC5D94724CCBFBF007538F7 /* HomeProvider.swift in Sources */,
				DDC5D92224CC9F26007538F7 /* CoverImage.swift in Sources */,
				DDB8347824D2F9E90027D60B /* EventCellViewModel.swift in Sources */,
				DD96C9FE24CF424A00E6689E /* Storyboarded.swift in Sources */,
				DDC4425A24D2107C006233D0 /* HomeCompositionalLayout.swift in Sources */,
				DDCBA74024D5F02E001AE36A /* Number+Formatter.swift in Sources */,
				DDC5D91324CC9B21007538F7 /* Package.swift in Sources */,
				DDC5D8F024CC3D16007538F7 /* UIDevice+Extensions.swift in Sources */,
				DDC5D91724CC9D19007538F7 /* SlugSource.swift in Sources */,
				DDB8347E24D2FCE10027D60B /* CollectionViewCell.swift in Sources */,
				DD96C9D024CEF71700E6689E /* UIColor+AppColors.swift in Sources */,
				DD9C6C3A24CFE27D0066D6F2 /* TabBar.swift in Sources */,
				DD96C9D224CEF72400E6689E /* UIFont+AppFonts.swift in Sources */,
				DD22277A24D430640034B6D2 /* CategoryCellViewModel.swift in Sources */,
				DD9C6C5924D090910066D6F2 /* PromotionCell.swift in Sources */,
				DDC5D92C24CCA9D7007538F7 /* DIContainer.swift in Sources */,
				DD96CA1424CF455E00E6689E /* UIStoryboard+AppBoards.swift in Sources */,
				DDC5D94924CCBFCA007538F7 /* CategoryProvider.swift in Sources */,
				DDCBA73E24D5ED1B001AE36A /* PackageCell.swift in Sources */,
				DDC5D93324CCB13D007538F7 /* HTTPError.swift in Sources */,
				DDF1847A24D16B76000A2619 /* UIView+Publishers.swift in Sources */,
				DD22277624D3FCD90034B6D2 /* String+Operators.swift in Sources */,
				DDC5D93B24CCB45F007538F7 /* Router.swift in Sources */,
				DD22277424D3FB9F0034B6D2 /* AnyOptional.swift in Sources */,
				DDC5D92424CC9FC8007538F7 /* CategoryPackageStorageSource.swift in Sources */,
				DD22278424D482E50034B6D2 /* HTTPFile.swift in Sources */,
				DDC5D92F24CCB03C007538F7 /* HTTPMethod.swift in Sources */,
				DDC5D94B24CE082D007538F7 /* NetworkingDIContainer.swift in Sources */,
				DD9C6C5F24D0A00E0066D6F2 /* BadgeLabel.swift in Sources */,
				DDC5D90924CC52C4007538F7 /* Promotion.swift in Sources */,
				DD96CA0224CF42E900E6689E /* HomeVC.swift in Sources */,
				DD9C6C4424D060130066D6F2 /* TextField.swift in Sources */,
				DDC5D91124CC55A5007538F7 /* IdentificationSource.swift in Sources */,
				DD9C6C5524D090810066D6F2 /* CategoryCell.swift in Sources */,
				DDC5D8E824CC34E0007538F7 /* Domain.swift in Sources */,
				DD9C6C5024D087650066D6F2 /* BaseViewController.swift in Sources */,
				DDCFB2A124D6E94F0016E648 /* MockURLSession.swift in Sources */,
				DD96CA0624CF43AC00E6689E /* CategoriesCoordinator.swift in Sources */,
				DDC5D94024CCB9BE007538F7 /* HTTPEnvironment.swift in Sources */,
				DDCBA73424D5D330001AE36A /* CategoryCollectionView.swift in Sources */,
				DDC5D8FB24CC424B007538F7 /* URL+ExpressibleByStringLiteral.swift in Sources */,
				DD96CA1E24CF754D00E6689E /* CategoryVC.swift in Sources */,
				DDC5D93924CCB277007538F7 /* HTTPRouter.swift in Sources */,
				DD9C6C5224D08C4E0066D6F2 /* LoadingImageView.swift in Sources */,
				DDC5D8CB24CC120F007538F7 /* Injected.swift in Sources */,
				DDC5D91A24CC9D7E007538F7 /* SubCategorySource.swift in Sources */,
				DDC5D91E24CC9EB9007538F7 /* DisplayTypeSource.swift in Sources */,
				DD96CA0424CF432100E6689E /* HomeCoordinator.swift in Sources */,
				DD22278B24D571E20034B6D2 /* BackBarButtonItem.swift in Sources */,
			);
			runOnlyForDeploymentPostprocessing = 0;
		};
		DDC5D8AD24CC0CD9007538F7 /* Sources */ = {
			isa = PBXSourcesBuildPhase;
			buildActionMask = 2147483647;
			files = (
				DDCFB2A924D6F4AB0016E648 /* APIResponseData.swift in Sources */,
				DDCFB2A424D6EEE40016E648 /* MockRouter.swift in Sources */,
				DDCFB29524D699FF0016E648 /* MockEndpoint.swift in Sources */,
				DDCFB29F24D6E7A60016E648 /* MockURLProtocol.swift in Sources */,
				DDCFB2AB24D702260016E648 /* TestError.swift in Sources */,
				DDCFB29724D69A040016E648 /* RouterTests.swift in Sources */,
				DDB8A6F224D71C790023141E /* HTTPManagerTests.swift in Sources */,
				DDCFB29824D69A070016E648 /* EndpointTests.swift in Sources */,
			);
			runOnlyForDeploymentPostprocessing = 0;
		};
/* End PBXSourcesBuildPhase section */

/* Begin PBXTargetDependency section */
		DDC5D8B324CC0CD9007538F7 /* PBXTargetDependency */ = {
			isa = PBXTargetDependency;
			target = DDC5D89A24CC0CD9007538F7 /* Socialteq */;
			targetProxy = DDC5D8B224CC0CD9007538F7 /* PBXContainerItemProxy */;
		};
/* End PBXTargetDependency section */

/* Begin PBXVariantGroup section */
		DDC5D8A424CC0CD9007538F7 /* Main.storyboard */ = {
			isa = PBXVariantGroup;
			children = (
				DDC5D8A524CC0CD9007538F7 /* Base */,
			);
			name = Main.storyboard;
			sourceTree = "<group>";
		};
		DDC5D8A924CC0CD9007538F7 /* LaunchScreen.storyboard */ = {
			isa = PBXVariantGroup;
			children = (
				DDC5D8AA24CC0CD9007538F7 /* Base */,
			);
			name = LaunchScreen.storyboard;
			sourceTree = "<group>";
		};
/* End PBXVariantGroup section */

/* Begin XCBuildConfiguration section */
		DDC5D8B824CC0CD9007538F7 /* Debug */ = {
			isa = XCBuildConfiguration;
			baseConfigurationReference = DD87420324D674AE003D88DE /* Development.xcconfig */;
			buildSettings = {
				ALWAYS_SEARCH_USER_PATHS = NO;
				CLANG_ANALYZER_NONNULL = YES;
				CLANG_ANALYZER_NUMBER_OBJECT_CONVERSION = YES_AGGRESSIVE;
				CLANG_CXX_LANGUAGE_STANDARD = "gnu++14";
				CLANG_CXX_LIBRARY = "libc++";
				CLANG_ENABLE_MODULES = YES;
				CLANG_ENABLE_OBJC_ARC = YES;
				CLANG_ENABLE_OBJC_WEAK = YES;
				CLANG_WARN_BLOCK_CAPTURE_AUTORELEASING = YES;
				CLANG_WARN_BOOL_CONVERSION = YES;
				CLANG_WARN_COMMA = YES;
				CLANG_WARN_CONSTANT_CONVERSION = YES;
				CLANG_WARN_DEPRECATED_OBJC_IMPLEMENTATIONS = YES;
				CLANG_WARN_DIRECT_OBJC_ISA_USAGE = YES_ERROR;
				CLANG_WARN_DOCUMENTATION_COMMENTS = YES;
				CLANG_WARN_EMPTY_BODY = YES;
				CLANG_WARN_ENUM_CONVERSION = YES;
				CLANG_WARN_INFINITE_RECURSION = YES;
				CLANG_WARN_INT_CONVERSION = YES;
				CLANG_WARN_NON_LITERAL_NULL_CONVERSION = YES;
				CLANG_WARN_OBJC_IMPLICIT_RETAIN_SELF = YES;
				CLANG_WARN_OBJC_LITERAL_CONVERSION = YES;
				CLANG_WARN_OBJC_ROOT_CLASS = YES_ERROR;
				CLANG_WARN_RANGE_LOOP_ANALYSIS = YES;
				CLANG_WARN_STRICT_PROTOTYPES = YES;
				CLANG_WARN_SUSPICIOUS_MOVE = YES;
				CLANG_WARN_UNGUARDED_AVAILABILITY = YES_AGGRESSIVE;
				CLANG_WARN_UNREACHABLE_CODE = YES;
				CLANG_WARN__DUPLICATE_METHOD_MATCH = YES;
				COPY_PHASE_STRIP = NO;
				DEBUG_INFORMATION_FORMAT = dwarf;
				ENABLE_STRICT_OBJC_MSGSEND = YES;
				ENABLE_TESTABILITY = YES;
				GCC_C_LANGUAGE_STANDARD = gnu11;
				GCC_DYNAMIC_NO_PIC = NO;
				GCC_NO_COMMON_BLOCKS = YES;
				GCC_OPTIMIZATION_LEVEL = 0;
				GCC_PREPROCESSOR_DEFINITIONS = (
					"DEBUG=1",
					"$(inherited)",
				);
				GCC_WARN_64_TO_32_BIT_CONVERSION = YES;
				GCC_WARN_ABOUT_RETURN_TYPE = YES_ERROR;
				GCC_WARN_UNDECLARED_SELECTOR = YES;
				GCC_WARN_UNINITIALIZED_AUTOS = YES_AGGRESSIVE;
				GCC_WARN_UNUSED_FUNCTION = YES;
				GCC_WARN_UNUSED_VARIABLE = YES;
				IPHONEOS_DEPLOYMENT_TARGET = 13.5;
				MTL_ENABLE_DEBUG_INFO = INCLUDE_SOURCE;
				MTL_FAST_MATH = YES;
				ONLY_ACTIVE_ARCH = YES;
				SDKROOT = iphoneos;
				SWIFT_ACTIVE_COMPILATION_CONDITIONS = DEBUG;
				SWIFT_OPTIMIZATION_LEVEL = "-Onone";
			};
			name = Debug;
		};
		DDC5D8B924CC0CD9007538F7 /* Release */ = {
			isa = XCBuildConfiguration;
			baseConfigurationReference = DD87420224D674A2003D88DE /* Production.xcconfig */;
			buildSettings = {
				ALWAYS_SEARCH_USER_PATHS = NO;
				CLANG_ANALYZER_NONNULL = YES;
				CLANG_ANALYZER_NUMBER_OBJECT_CONVERSION = YES_AGGRESSIVE;
				CLANG_CXX_LANGUAGE_STANDARD = "gnu++14";
				CLANG_CXX_LIBRARY = "libc++";
				CLANG_ENABLE_MODULES = YES;
				CLANG_ENABLE_OBJC_ARC = YES;
				CLANG_ENABLE_OBJC_WEAK = YES;
				CLANG_WARN_BLOCK_CAPTURE_AUTORELEASING = YES;
				CLANG_WARN_BOOL_CONVERSION = YES;
				CLANG_WARN_COMMA = YES;
				CLANG_WARN_CONSTANT_CONVERSION = YES;
				CLANG_WARN_DEPRECATED_OBJC_IMPLEMENTATIONS = YES;
				CLANG_WARN_DIRECT_OBJC_ISA_USAGE = YES_ERROR;
				CLANG_WARN_DOCUMENTATION_COMMENTS = YES;
				CLANG_WARN_EMPTY_BODY = YES;
				CLANG_WARN_ENUM_CONVERSION = YES;
				CLANG_WARN_INFINITE_RECURSION = YES;
				CLANG_WARN_INT_CONVERSION = YES;
				CLANG_WARN_NON_LITERAL_NULL_CONVERSION = YES;
				CLANG_WARN_OBJC_IMPLICIT_RETAIN_SELF = YES;
				CLANG_WARN_OBJC_LITERAL_CONVERSION = YES;
				CLANG_WARN_OBJC_ROOT_CLASS = YES_ERROR;
				CLANG_WARN_RANGE_LOOP_ANALYSIS = YES;
				CLANG_WARN_STRICT_PROTOTYPES = YES;
				CLANG_WARN_SUSPICIOUS_MOVE = YES;
				CLANG_WARN_UNGUARDED_AVAILABILITY = YES_AGGRESSIVE;
				CLANG_WARN_UNREACHABLE_CODE = YES;
				CLANG_WARN__DUPLICATE_METHOD_MATCH = YES;
				COPY_PHASE_STRIP = NO;
				DEBUG_INFORMATION_FORMAT = "dwarf-with-dsym";
				ENABLE_NS_ASSERTIONS = NO;
				ENABLE_STRICT_OBJC_MSGSEND = YES;
				GCC_C_LANGUAGE_STANDARD = gnu11;
				GCC_NO_COMMON_BLOCKS = YES;
				GCC_WARN_64_TO_32_BIT_CONVERSION = YES;
				GCC_WARN_ABOUT_RETURN_TYPE = YES_ERROR;
				GCC_WARN_UNDECLARED_SELECTOR = YES;
				GCC_WARN_UNINITIALIZED_AUTOS = YES_AGGRESSIVE;
				GCC_WARN_UNUSED_FUNCTION = YES;
				GCC_WARN_UNUSED_VARIABLE = YES;
				IPHONEOS_DEPLOYMENT_TARGET = 13.5;
				MTL_ENABLE_DEBUG_INFO = NO;
				MTL_FAST_MATH = YES;
				SDKROOT = iphoneos;
				SWIFT_COMPILATION_MODE = wholemodule;
				SWIFT_OPTIMIZATION_LEVEL = "-O";
				VALIDATE_PRODUCT = YES;
			};
			name = Release;
		};
		DDC5D8BB24CC0CD9007538F7 /* Debug */ = {
			isa = XCBuildConfiguration;
			baseConfigurationReference = DD87420324D674AE003D88DE /* Development.xcconfig */;
			buildSettings = {
				ASSETCATALOG_COMPILER_APPICON_NAME = "$(APP_ICON)";
				CODE_SIGN_STYLE = Automatic;
				DEVELOPMENT_TEAM = BPYLDK5ZR2;
				INFOPLIST_FILE = Source/Info.plist;
				LD_RUNPATH_SEARCH_PATHS = (
					"$(inherited)",
					"@executable_path/Frameworks",
				);
				PRODUCT_BUNDLE_IDENTIFIER = codes.mohamadreza.Socialteq;
				PRODUCT_NAME = "$(TARGET_NAME)";
				SWIFT_VERSION = 5.0;
				TARGETED_DEVICE_FAMILY = "1,2";
			};
			name = Debug;
		};
		DDC5D8BC24CC0CD9007538F7 /* Release */ = {
			isa = XCBuildConfiguration;
			baseConfigurationReference = DD87420224D674A2003D88DE /* Production.xcconfig */;
			buildSettings = {
				ASSETCATALOG_COMPILER_APPICON_NAME = "$(APP_ICON)";
				CODE_SIGN_STYLE = Automatic;
				DEVELOPMENT_TEAM = BPYLDK5ZR2;
				INFOPLIST_FILE = Source/Info.plist;
				LD_RUNPATH_SEARCH_PATHS = (
					"$(inherited)",
					"@executable_path/Frameworks",
				);
				PRODUCT_BUNDLE_IDENTIFIER = codes.mohamadreza.Socialteq;
				PRODUCT_NAME = "$(TARGET_NAME)";
				SWIFT_VERSION = 5.0;
				TARGETED_DEVICE_FAMILY = "1,2";
			};
			name = Release;
		};
		DDC5D8BE24CC0CD9007538F7 /* Debug */ = {
			isa = XCBuildConfiguration;
			baseConfigurationReference = DD87420324D674AE003D88DE /* Development.xcconfig */;
			buildSettings = {
				ALWAYS_EMBED_SWIFT_STANDARD_LIBRARIES = YES;
				BUNDLE_LOADER = "$(TEST_HOST)";
				CODE_SIGN_STYLE = Automatic;
				DEVELOPMENT_TEAM = BPYLDK5ZR2;
				INFOPLIST_FILE = Tests/Info.plist;
				IPHONEOS_DEPLOYMENT_TARGET = 13.5;
				LD_RUNPATH_SEARCH_PATHS = (
					"$(inherited)",
					"@executable_path/Frameworks",
					"@loader_path/Frameworks",
				);
				PRODUCT_BUNDLE_IDENTIFIER = codes.mohamadreza.SocialteqTests;
				PRODUCT_NAME = "$(TARGET_NAME)";
				SWIFT_VERSION = 5.0;
				TARGETED_DEVICE_FAMILY = "1,2";
				TEST_HOST = "$(BUILT_PRODUCTS_DIR)/Socialteq.app/Socialteq";
			};
			name = Debug;
		};
		DDC5D8BF24CC0CD9007538F7 /* Release */ = {
			isa = XCBuildConfiguration;
			baseConfigurationReference = DD87420224D674A2003D88DE /* Production.xcconfig */;
			buildSettings = {
				ALWAYS_EMBED_SWIFT_STANDARD_LIBRARIES = YES;
				BUNDLE_LOADER = "$(TEST_HOST)";
				CODE_SIGN_STYLE = Automatic;
				DEVELOPMENT_TEAM = BPYLDK5ZR2;
				INFOPLIST_FILE = Tests/Info.plist;
				IPHONEOS_DEPLOYMENT_TARGET = 13.5;
				LD_RUNPATH_SEARCH_PATHS = (
					"$(inherited)",
					"@executable_path/Frameworks",
					"@loader_path/Frameworks",
				);
				PRODUCT_BUNDLE_IDENTIFIER = codes.mohamadreza.SocialteqTests;
				PRODUCT_NAME = "$(TARGET_NAME)";
				SWIFT_VERSION = 5.0;
				TARGETED_DEVICE_FAMILY = "1,2";
				TEST_HOST = "$(BUILT_PRODUCTS_DIR)/Socialteq.app/Socialteq";
			};
			name = Release;
		};
/* End XCBuildConfiguration section */

/* Begin XCConfigurationList section */
		DDC5D89624CC0CD9007538F7 /* Build configuration list for PBXProject "Socialteq" */ = {
			isa = XCConfigurationList;
			buildConfigurations = (
				DDC5D8B824CC0CD9007538F7 /* Debug */,
				DDC5D8B924CC0CD9007538F7 /* Release */,
			);
			defaultConfigurationIsVisible = 0;
			defaultConfigurationName = Release;
		};
		DDC5D8BA24CC0CD9007538F7 /* Build configuration list for PBXNativeTarget "Socialteq" */ = {
			isa = XCConfigurationList;
			buildConfigurations = (
				DDC5D8BB24CC0CD9007538F7 /* Debug */,
				DDC5D8BC24CC0CD9007538F7 /* Release */,
			);
			defaultConfigurationIsVisible = 0;
			defaultConfigurationName = Release;
		};
		DDC5D8BD24CC0CD9007538F7 /* Build configuration list for PBXNativeTarget "SocialteqTests" */ = {
			isa = XCConfigurationList;
			buildConfigurations = (
				DDC5D8BE24CC0CD9007538F7 /* Debug */,
				DDC5D8BF24CC0CD9007538F7 /* Release */,
			);
			defaultConfigurationIsVisible = 0;
			defaultConfigurationName = Release;
		};
/* End XCConfigurationList section */
	};
	rootObject = DDC5D89324CC0CD9007538F7 /* Project object */;
}
